// !$*UTF8*$!
{
	archiveVersion = 1;
	classes = {
	};
	objectVersion = 46;
	objects = {

/* Begin PBXAggregateTarget section */
		"Alice::AlicePackageTests::ProductTarget" /* AlicePackageTests */ = {
			isa = PBXAggregateTarget;
			buildConfigurationList = OBJ_31 /* Build configuration list for PBXAggregateTarget "AlicePackageTests" */;
			buildPhases = (
			);
			dependencies = (
				OBJ_34 /* PBXTargetDependency */,
			);
			name = AlicePackageTests;
			productName = AlicePackageTests;
		};
/* End PBXAggregateTarget section */

/* Begin PBXBuildFile section */
		023E5777222B46120085CC85 /* Alice.framework in Frameworks */ = {isa = PBXBuildFile; fileRef = 023E576E222B46120085CC85 /* Alice.framework */; };
		023E579E222B48AF0085CC85 /* Alice.framework in Frameworks */ = {isa = PBXBuildFile; fileRef = 023E5795222B48AF0085CC85 /* Alice.framework */; };
		023E57BA222B4A550085CC85 /* Alice.framework in Frameworks */ = {isa = PBXBuildFile; fileRef = 023E57B1222B4A550085CC85 /* Alice.framework */; };
		02A14648222C50980037CF5E /* Script.swift in Sources */ = {isa = PBXBuildFile; fileRef = 02A14647222C50980037CF5E /* Script.swift */; };
		02A14649222C50990037CF5E /* Script.swift in Sources */ = {isa = PBXBuildFile; fileRef = 02A14647222C50980037CF5E /* Script.swift */; };
		02A14650222C50E80037CF5E /* TestOneScriptMock.swift in Sources */ = {isa = PBXBuildFile; fileRef = 02A1464C222C50E80037CF5E /* TestOneScriptMock.swift */; };
		02A14651222C50E80037CF5E /* TestOneScriptMock.swift in Sources */ = {isa = PBXBuildFile; fileRef = 02A1464C222C50E80037CF5E /* TestOneScriptMock.swift */; };
		02A14652222C50E80037CF5E /* TestTwoScriptMock.swift in Sources */ = {isa = PBXBuildFile; fileRef = 02A1464D222C50E80037CF5E /* TestTwoScriptMock.swift */; };
		02A14653222C50E80037CF5E /* TestTwoScriptMock.swift in Sources */ = {isa = PBXBuildFile; fileRef = 02A1464D222C50E80037CF5E /* TestTwoScriptMock.swift */; };
		02A14654222C50E80037CF5E /* ScriptTests.swift in Sources */ = {isa = PBXBuildFile; fileRef = 02A1464F222C50E80037CF5E /* ScriptTests.swift */; };
		02A14655222C50E80037CF5E /* ScriptTests.swift in Sources */ = {isa = PBXBuildFile; fileRef = 02A1464F222C50E80037CF5E /* ScriptTests.swift */; };
		02A1465A222C51140037CF5E /* TestScript.command in Resources */ = {isa = PBXBuildFile; fileRef = 02A14659222C51140037CF5E /* TestScript.command */; };
		02A1465C222C516B0037CF5E /* TestScript.command in Resources */ = {isa = PBXBuildFile; fileRef = 02A14659222C51140037CF5E /* TestScript.command */; };
		02A1465E222C53290037CF5E /* Scriptable.swift in Sources */ = {isa = PBXBuildFile; fileRef = 02A1465D222C53290037CF5E /* Scriptable.swift */; };
		02A1465F222C53290037CF5E /* Scriptable.swift in Sources */ = {isa = PBXBuildFile; fileRef = 02A1465D222C53290037CF5E /* Scriptable.swift */; };
		02A14661222C539A0037CF5E /* ScriptableTests.swift in Sources */ = {isa = PBXBuildFile; fileRef = 02A14660222C539A0037CF5E /* ScriptableTests.swift */; };
		02A14662222C539A0037CF5E /* ScriptableTests.swift in Sources */ = {isa = PBXBuildFile; fileRef = 02A14660222C539A0037CF5E /* ScriptableTests.swift */; };
		02A14665222C54500037CF5E /* ScriptableOneMock.swift in Sources */ = {isa = PBXBuildFile; fileRef = 02A14664222C54500037CF5E /* ScriptableOneMock.swift */; };
		02A14666222C54500037CF5E /* ScriptableOneMock.swift in Sources */ = {isa = PBXBuildFile; fileRef = 02A14664222C54500037CF5E /* ScriptableOneMock.swift */; };
		02A14668222C56120037CF5E /* ScriptableTwoMock.swift in Sources */ = {isa = PBXBuildFile; fileRef = 02A14667222C56120037CF5E /* ScriptableTwoMock.swift */; };
		02A14669222C56120037CF5E /* ScriptableTwoMock.swift in Sources */ = {isa = PBXBuildFile; fileRef = 02A14667222C56120037CF5E /* ScriptableTwoMock.swift */; };
		OBJ_22 /* Alice.swift in Sources */ = {isa = PBXBuildFile; fileRef = OBJ_9 /* Alice.swift */; };
		OBJ_29 /* Package.swift in Sources */ = {isa = PBXBuildFile; fileRef = OBJ_6 /* Package.swift */; };
		OBJ_40 /* AliceTests.swift in Sources */ = {isa = PBXBuildFile; fileRef = OBJ_12 /* AliceTests.swift */; };
		OBJ_41 /* XCTestManifests.swift in Sources */ = {isa = PBXBuildFile; fileRef = OBJ_13 /* XCTestManifests.swift */; };
		OBJ_43 /* Alice.framework in Frameworks */ = {isa = PBXBuildFile; fileRef = "Alice::Alice::Product" /* Alice.framework */; };
/* End PBXBuildFile section */

/* Begin PBXContainerItemProxy section */
		023E5743222B42470085CC85 /* PBXContainerItemProxy */ = {
			isa = PBXContainerItemProxy;
			containerPortal = OBJ_1 /* Project object */;
			proxyType = 1;
			remoteGlobalIDString = "Alice::Alice";
			remoteInfo = Alice;
		};
		023E5758222B443F0085CC85 /* PBXContainerItemProxy */ = {
			isa = PBXContainerItemProxy;
			containerPortal = OBJ_1 /* Project object */;
			proxyType = 1;
			remoteGlobalIDString = "Alice::AliceTests";
			remoteInfo = AliceTests;
		};
		023E5778222B46120085CC85 /* PBXContainerItemProxy */ = {
			isa = PBXContainerItemProxy;
			containerPortal = OBJ_1 /* Project object */;
			proxyType = 1;
			remoteGlobalIDString = 023E576D222B46120085CC85;
			remoteInfo = "Alice macOS";
		};
		023E579F222B48AF0085CC85 /* PBXContainerItemProxy */ = {
			isa = PBXContainerItemProxy;
			containerPortal = OBJ_1 /* Project object */;
			proxyType = 1;
			remoteGlobalIDString = 023E5794222B48AF0085CC85;
			remoteInfo = "Alice iOS";
		};
		023E57BB222B4A550085CC85 /* PBXContainerItemProxy */ = {
			isa = PBXContainerItemProxy;
			containerPortal = OBJ_1 /* Project object */;
			proxyType = 1;
			remoteGlobalIDString = 023E57B0222B4A550085CC85;
			remoteInfo = "Alive tvOS";
		};
/* End PBXContainerItemProxy section */

/* Begin PBXFileReference section */
		023E576E222B46120085CC85 /* Alice.framework */ = {isa = PBXFileReference; explicitFileType = wrapper.framework; includeInIndex = 0; path = Alice.framework; sourceTree = BUILT_PRODUCTS_DIR; };
		023E5776222B46120085CC85 /* Alice macOSTests.xctest */ = {isa = PBXFileReference; explicitFileType = wrapper.cfbundle; includeInIndex = 0; path = "Alice macOSTests.xctest"; sourceTree = BUILT_PRODUCTS_DIR; };
		023E5795222B48AF0085CC85 /* Alice.framework */ = {isa = PBXFileReference; explicitFileType = wrapper.framework; includeInIndex = 0; path = Alice.framework; sourceTree = BUILT_PRODUCTS_DIR; };
		023E579D222B48AF0085CC85 /* Alice iOSTests.xctest */ = {isa = PBXFileReference; explicitFileType = wrapper.cfbundle; includeInIndex = 0; path = "Alice iOSTests.xctest"; sourceTree = BUILT_PRODUCTS_DIR; };
		023E57B1222B4A550085CC85 /* Alice.framework */ = {isa = PBXFileReference; explicitFileType = wrapper.framework; includeInIndex = 0; path = Alice.framework; sourceTree = BUILT_PRODUCTS_DIR; };
		023E57B9222B4A550085CC85 /* Alice tvOSTests.xctest */ = {isa = PBXFileReference; explicitFileType = wrapper.cfbundle; includeInIndex = 0; path = "Alice tvOSTests.xctest"; sourceTree = BUILT_PRODUCTS_DIR; };
		023E57DA222B4AD10085CC85 /* Alice.framework */ = {isa = PBXFileReference; explicitFileType = wrapper.framework; includeInIndex = 0; path = Alice.framework; sourceTree = BUILT_PRODUCTS_DIR; };
		02A1461D222C258C0037CF5E /* Info.plist */ = {isa = PBXFileReference; fileEncoding = 4; lastKnownFileType = text.plist.xml; path = Info.plist; sourceTree = "<group>"; };
		02A14621222C259D0037CF5E /* Info.plist */ = {isa = PBXFileReference; fileEncoding = 4; lastKnownFileType = text.plist.xml; path = Info.plist; sourceTree = "<group>"; };
		02A14626222C25B30037CF5E /* Info.plist */ = {isa = PBXFileReference; fileEncoding = 4; lastKnownFileType = text.plist.xml; path = Info.plist; sourceTree = "<group>"; };
		02A1462A222C25BF0037CF5E /* Info.plist */ = {isa = PBXFileReference; fileEncoding = 4; lastKnownFileType = text.plist.xml; path = Info.plist; sourceTree = "<group>"; };
		02A1462F222C26500037CF5E /* Info.plist */ = {isa = PBXFileReference; lastKnownFileType = text.plist.xml; path = Info.plist; sourceTree = "<group>"; };
		02A14634222C26500037CF5E /* Info.plist */ = {isa = PBXFileReference; lastKnownFileType = text.plist.xml; path = Info.plist; sourceTree = "<group>"; };
		02A14637222C26500037CF5E /* Info.plist */ = {isa = PBXFileReference; lastKnownFileType = text.plist.xml; path = Info.plist; sourceTree = "<group>"; };
		02A14639222C26500037CF5E /* Alice-macOSTests-Bridging-Header.h */ = {isa = PBXFileReference; lastKnownFileType = sourcecode.c.h; path = "Alice-macOSTests-Bridging-Header.h"; sourceTree = "<group>"; };
		02A1463D222C28B60037CF5E /* LinuxMain.swift */ = {isa = PBXFileReference; lastKnownFileType = sourcecode.swift; path = LinuxMain.swift; sourceTree = "<group>"; };
		02A14647222C50980037CF5E /* Script.swift */ = {isa = PBXFileReference; fileEncoding = 4; lastKnownFileType = sourcecode.swift; path = Script.swift; sourceTree = "<group>"; };
		02A1464C222C50E80037CF5E /* TestOneScriptMock.swift */ = {isa = PBXFileReference; fileEncoding = 4; lastKnownFileType = sourcecode.swift; path = TestOneScriptMock.swift; sourceTree = "<group>"; };
		02A1464D222C50E80037CF5E /* TestTwoScriptMock.swift */ = {isa = PBXFileReference; fileEncoding = 4; lastKnownFileType = sourcecode.swift; path = TestTwoScriptMock.swift; sourceTree = "<group>"; };
		02A1464F222C50E80037CF5E /* ScriptTests.swift */ = {isa = PBXFileReference; fileEncoding = 4; lastKnownFileType = sourcecode.swift; path = ScriptTests.swift; sourceTree = "<group>"; };
		02A14659222C51140037CF5E /* TestScript.command */ = {isa = PBXFileReference; fileEncoding = 4; lastKnownFileType = text.script.sh; path = TestScript.command; sourceTree = "<group>"; };
		02A1465D222C53290037CF5E /* Scriptable.swift */ = {isa = PBXFileReference; lastKnownFileType = sourcecode.swift; path = Scriptable.swift; sourceTree = "<group>"; };
		02A14660222C539A0037CF5E /* ScriptableTests.swift */ = {isa = PBXFileReference; lastKnownFileType = sourcecode.swift; path = ScriptableTests.swift; sourceTree = "<group>"; };
		02A14664222C54500037CF5E /* ScriptableOneMock.swift */ = {isa = PBXFileReference; lastKnownFileType = sourcecode.swift; path = ScriptableOneMock.swift; sourceTree = "<group>"; };
		02A14667222C56120037CF5E /* ScriptableTwoMock.swift */ = {isa = PBXFileReference; lastKnownFileType = sourcecode.swift; path = ScriptableTwoMock.swift; sourceTree = "<group>"; };
		"Alice::Alice::Product" /* Alice.framework */ = {isa = PBXFileReference; explicitFileType = wrapper.framework; path = Alice.framework; sourceTree = BUILT_PRODUCTS_DIR; };
		"Alice::AliceTests::Product" /* AliceTests.xctest */ = {isa = PBXFileReference; explicitFileType = wrapper.cfbundle; path = AliceTests.xctest; sourceTree = BUILT_PRODUCTS_DIR; };
		OBJ_12 /* AliceTests.swift */ = {isa = PBXFileReference; lastKnownFileType = sourcecode.swift; path = AliceTests.swift; sourceTree = "<group>"; };
		OBJ_13 /* XCTestManifests.swift */ = {isa = PBXFileReference; lastKnownFileType = sourcecode.swift; path = XCTestManifests.swift; sourceTree = "<group>"; };
		OBJ_6 /* Package.swift */ = {isa = PBXFileReference; explicitFileType = sourcecode.swift; path = Package.swift; sourceTree = "<group>"; };
		OBJ_9 /* Alice.swift */ = {isa = PBXFileReference; lastKnownFileType = sourcecode.swift; path = Alice.swift; sourceTree = "<group>"; };
/* End PBXFileReference section */

/* Begin PBXFrameworksBuildPhase section */
		023E576B222B46120085CC85 /* Frameworks */ = {
			isa = PBXFrameworksBuildPhase;
			buildActionMask = 2147483647;
			files = (
			);
			runOnlyForDeploymentPostprocessing = 0;
		};
		023E5773222B46120085CC85 /* Frameworks */ = {
			isa = PBXFrameworksBuildPhase;
			buildActionMask = 2147483647;
			files = (
				023E5777222B46120085CC85 /* Alice.framework in Frameworks */,
			);
			runOnlyForDeploymentPostprocessing = 0;
		};
		023E5792222B48AF0085CC85 /* Frameworks */ = {
			isa = PBXFrameworksBuildPhase;
			buildActionMask = 2147483647;
			files = (
			);
			runOnlyForDeploymentPostprocessing = 0;
		};
		023E579A222B48AF0085CC85 /* Frameworks */ = {
			isa = PBXFrameworksBuildPhase;
			buildActionMask = 2147483647;
			files = (
				023E579E222B48AF0085CC85 /* Alice.framework in Frameworks */,
			);
			runOnlyForDeploymentPostprocessing = 0;
		};
		023E57AE222B4A550085CC85 /* Frameworks */ = {
			isa = PBXFrameworksBuildPhase;
			buildActionMask = 2147483647;
			files = (
			);
			runOnlyForDeploymentPostprocessing = 0;
		};
		023E57B6222B4A550085CC85 /* Frameworks */ = {
			isa = PBXFrameworksBuildPhase;
			buildActionMask = 2147483647;
			files = (
				023E57BA222B4A550085CC85 /* Alice.framework in Frameworks */,
			);
			runOnlyForDeploymentPostprocessing = 0;
		};
		023E57D7222B4AD10085CC85 /* Frameworks */ = {
			isa = PBXFrameworksBuildPhase;
			buildActionMask = 2147483647;
			files = (
			);
			runOnlyForDeploymentPostprocessing = 0;
		};
		OBJ_23 /* Frameworks */ = {
			isa = PBXFrameworksBuildPhase;
			buildActionMask = 0;
			files = (
			);
			runOnlyForDeploymentPostprocessing = 0;
		};
		OBJ_42 /* Frameworks */ = {
			isa = PBXFrameworksBuildPhase;
			buildActionMask = 0;
			files = (
				OBJ_43 /* Alice.framework in Frameworks */,
			);
			runOnlyForDeploymentPostprocessing = 0;
		};
/* End PBXFrameworksBuildPhase section */

/* Begin PBXGroup section */
		023E5744222B43260085CC85 /* All */ = {
			isa = PBXGroup;
			children = (
				023E5749222B43640085CC85 /* Common */,
				023E574A222B436E0085CC85 /* Feature */,
			);
			path = All;
			sourceTree = "<group>";
		};
		023E5745222B432D0085CC85 /* macOS */ = {
			isa = PBXGroup;
			children = (
				023E574B222B43880085CC85 /* Common */,
				023E574C222B438E0085CC85 /* Feature */,
			);
			path = macOS;
			sourceTree = "<group>";
		};
		023E5746222B43330085CC85 /* iOS */ = {
			isa = PBXGroup;
			children = (
				023E574D222B43BB0085CC85 /* Common */,
				023E574E222B43C20085CC85 /* Feature */,
			);
			path = iOS;
			sourceTree = "<group>";
		};
		023E5747222B433B0085CC85 /* tvOS */ = {
			isa = PBXGroup;
			children = (
				023E574F222B43CE0085CC85 /* Common */,
				023E5750222B43D40085CC85 /* Feature */,
			);
			path = tvOS;
			sourceTree = "<group>";
		};
		023E5748222B43460085CC85 /* watchOS */ = {
			isa = PBXGroup;
			children = (
				023E5752222B43F60085CC85 /* Common */,
				023E5751222B43EF0085CC85 /* Feature */,
			);
			path = watchOS;
			sourceTree = "<group>";
		};
		023E5749222B43640085CC85 /* Common */ = {
			isa = PBXGroup;
			children = (
				OBJ_9 /* Alice.swift */,
			);
			path = Common;
			sourceTree = "<group>";
		};
		023E574A222B436E0085CC85 /* Feature */ = {
			isa = PBXGroup;
			children = (
			);
			path = Feature;
			sourceTree = "<group>";
		};
		023E574B222B43880085CC85 /* Common */ = {
			isa = PBXGroup;
			children = (
			);
			path = Common;
			sourceTree = "<group>";
		};
		023E574C222B438E0085CC85 /* Feature */ = {
			isa = PBXGroup;
			children = (
				02A14645222C50980037CF5E /* Scripts */,
			);
			path = Feature;
			sourceTree = "<group>";
		};
		023E574D222B43BB0085CC85 /* Common */ = {
			isa = PBXGroup;
			children = (
			);
			path = Common;
			sourceTree = "<group>";
		};
		023E574E222B43C20085CC85 /* Feature */ = {
			isa = PBXGroup;
			children = (
			);
			path = Feature;
			sourceTree = "<group>";
		};
		023E574F222B43CE0085CC85 /* Common */ = {
			isa = PBXGroup;
			children = (
			);
			path = Common;
			sourceTree = "<group>";
		};
		023E5750222B43D40085CC85 /* Feature */ = {
			isa = PBXGroup;
			children = (
			);
			path = Feature;
			sourceTree = "<group>";
		};
		023E5751222B43EF0085CC85 /* Feature */ = {
			isa = PBXGroup;
			children = (
			);
			path = Feature;
			sourceTree = "<group>";
		};
		023E5752222B43F60085CC85 /* Common */ = {
			isa = PBXGroup;
			children = (
			);
			path = Common;
			sourceTree = "<group>";
		};
		023E5753222B44040085CC85 /* All */ = {
			isa = PBXGroup;
			children = (
				023E5760222B44D60085CC85 /* Common */,
				023E575F222B44CF0085CC85 /* Feature */,
			);
			path = All;
			sourceTree = "<group>";
		};
		023E5754222B440A0085CC85 /* macOS */ = {
			isa = PBXGroup;
			children = (
				023E5762222B44E40085CC85 /* Common */,
				023E5761222B44DE0085CC85 /* Feature */,
			);
			path = macOS;
			sourceTree = "<group>";
		};
		023E5755222B44130085CC85 /* iOS */ = {
			isa = PBXGroup;
			children = (
				023E5764222B44F00085CC85 /* Common */,
				023E5763222B44EA0085CC85 /* Feature */,
			);
			path = iOS;
			sourceTree = "<group>";
		};
		023E5756222B44190085CC85 /* tvOS */ = {
			isa = PBXGroup;
			children = (
				023E5766222B44FD0085CC85 /* Common */,
				023E5765222B44F70085CC85 /* Feature */,
			);
			path = tvOS;
			sourceTree = "<group>";
		};
		023E5757222B441F0085CC85 /* watchOS */ = {
			isa = PBXGroup;
			children = (
				023E5768222B45080085CC85 /* Common */,
				023E5767222B45030085CC85 /* Feature */,
			);
			path = watchOS;
			sourceTree = "<group>";
		};
		023E5759222B44860085CC85 /* Linux */ = {
			isa = PBXGroup;
			children = (
				023E575B222B44930085CC85 /* Common */,
				023E575A222B448D0085CC85 /* Feature */,
			);
			path = Linux;
			sourceTree = "<group>";
		};
		023E575A222B448D0085CC85 /* Feature */ = {
			isa = PBXGroup;
			children = (
			);
			path = Feature;
			sourceTree = "<group>";
		};
		023E575B222B44930085CC85 /* Common */ = {
			isa = PBXGroup;
			children = (
			);
			path = Common;
			sourceTree = "<group>";
		};
		023E575C222B44AA0085CC85 /* Linux */ = {
			isa = PBXGroup;
			children = (
				023E575E222B44B90085CC85 /* Common */,
				023E575D222B44B20085CC85 /* Feature */,
			);
			path = Linux;
			sourceTree = "<group>";
		};
		023E575D222B44B20085CC85 /* Feature */ = {
			isa = PBXGroup;
			children = (
			);
			path = Feature;
			sourceTree = "<group>";
		};
		023E575E222B44B90085CC85 /* Common */ = {
			isa = PBXGroup;
			children = (
				02A1463D222C28B60037CF5E /* LinuxMain.swift */,
			);
			path = Common;
			sourceTree = "<group>";
		};
		023E575F222B44CF0085CC85 /* Feature */ = {
			isa = PBXGroup;
			children = (
			);
			path = Feature;
			sourceTree = "<group>";
		};
		023E5760222B44D60085CC85 /* Common */ = {
			isa = PBXGroup;
			children = (
				OBJ_12 /* AliceTests.swift */,
				OBJ_13 /* XCTestManifests.swift */,
			);
			path = Common;
			sourceTree = "<group>";
		};
		023E5761222B44DE0085CC85 /* Feature */ = {
			isa = PBXGroup;
			children = (
				02A1464A222C50E80037CF5E /* Scripts */,
			);
			path = Feature;
			sourceTree = "<group>";
		};
		023E5762222B44E40085CC85 /* Common */ = {
			isa = PBXGroup;
			children = (
			);
			path = Common;
			sourceTree = "<group>";
		};
		023E5763222B44EA0085CC85 /* Feature */ = {
			isa = PBXGroup;
			children = (
			);
			path = Feature;
			sourceTree = "<group>";
		};
		023E5764222B44F00085CC85 /* Common */ = {
			isa = PBXGroup;
			children = (
			);
			path = Common;
			sourceTree = "<group>";
		};
		023E5765222B44F70085CC85 /* Feature */ = {
			isa = PBXGroup;
			children = (
			);
			path = Feature;
			sourceTree = "<group>";
		};
		023E5766222B44FD0085CC85 /* Common */ = {
			isa = PBXGroup;
			children = (
			);
			path = Common;
			sourceTree = "<group>";
		};
		023E5767222B45030085CC85 /* Feature */ = {
			isa = PBXGroup;
			children = (
			);
			path = Feature;
			sourceTree = "<group>";
		};
		023E5768222B45080085CC85 /* Common */ = {
			isa = PBXGroup;
			children = (
			);
			path = Common;
			sourceTree = "<group>";
		};
		023E5785222B46E20085CC85 /* Resources */ = {
			isa = PBXGroup;
			children = (
				02A14619222C24BC0037CF5E /* Alice */,
				02A1461A222C24C40037CF5E /* AliceTests */,
			);
			path = Resources;
			sourceTree = "<group>";
		};
		02A14619222C24BC0037CF5E /* Alice */ = {
			isa = PBXGroup;
			children = (
				02A1462C222C26270037CF5E /* All */,
				02A1461F222C259D0037CF5E /* macOS */,
				02A1461B222C258C0037CF5E /* iOS */,
				02A14624222C25B30037CF5E /* tvOS */,
				02A14628222C25BF0037CF5E /* watchOS */,
				02A1463E222C2A600037CF5E /* Linux */,
			);
			path = Alice;
			sourceTree = "<group>";
		};
		02A1461A222C24C40037CF5E /* AliceTests */ = {
			isa = PBXGroup;
			children = (
				02A14630222C26500037CF5E /* All */,
				02A14635222C26500037CF5E /* macOS */,
				02A14632222C26500037CF5E /* iOS */,
				02A1462D222C26500037CF5E /* tvOS */,
				02A14631222C26500037CF5E /* watchOS */,
				02A14641222C2A7D0037CF5E /* Linux */,
			);
			path = AliceTests;
			sourceTree = "<group>";
		};
		02A1461B222C258C0037CF5E /* iOS */ = {
			isa = PBXGroup;
			children = (
				02A1461C222C258C0037CF5E /* Identity */,
			);
			path = iOS;
			sourceTree = "<group>";
		};
		02A1461C222C258C0037CF5E /* Identity */ = {
			isa = PBXGroup;
			children = (
				02A1461D222C258C0037CF5E /* Info.plist */,
			);
			path = Identity;
			sourceTree = "<group>";
		};
		02A1461F222C259D0037CF5E /* macOS */ = {
			isa = PBXGroup;
			children = (
				02A14620222C259D0037CF5E /* Identity */,
			);
			path = macOS;
			sourceTree = "<group>";
		};
		02A14620222C259D0037CF5E /* Identity */ = {
			isa = PBXGroup;
			children = (
				02A14621222C259D0037CF5E /* Info.plist */,
			);
			path = Identity;
			sourceTree = "<group>";
		};
		02A14624222C25B30037CF5E /* tvOS */ = {
			isa = PBXGroup;
			children = (
				02A14625222C25B30037CF5E /* Identity */,
			);
			path = tvOS;
			sourceTree = "<group>";
		};
		02A14625222C25B30037CF5E /* Identity */ = {
			isa = PBXGroup;
			children = (
				02A14626222C25B30037CF5E /* Info.plist */,
			);
			path = Identity;
			sourceTree = "<group>";
		};
		02A14628222C25BF0037CF5E /* watchOS */ = {
			isa = PBXGroup;
			children = (
				02A14629222C25BF0037CF5E /* Identity */,
			);
			path = watchOS;
			sourceTree = "<group>";
		};
		02A14629222C25BF0037CF5E /* Identity */ = {
			isa = PBXGroup;
			children = (
				02A1462A222C25BF0037CF5E /* Info.plist */,
			);
			path = Identity;
			sourceTree = "<group>";
		};
		02A1462C222C26270037CF5E /* All */ = {
			isa = PBXGroup;
			children = (
			);
			path = All;
			sourceTree = "<group>";
		};
		02A1462D222C26500037CF5E /* tvOS */ = {
			isa = PBXGroup;
			children = (
				02A1462E222C26500037CF5E /* Identity */,
			);
			path = tvOS;
			sourceTree = "<group>";
		};
		02A1462E222C26500037CF5E /* Identity */ = {
			isa = PBXGroup;
			children = (
				02A1462F222C26500037CF5E /* Info.plist */,
			);
			path = Identity;
			sourceTree = "<group>";
		};
		02A14630222C26500037CF5E /* All */ = {
			isa = PBXGroup;
			children = (
			);
			path = All;
			sourceTree = "<group>";
		};
		02A14631222C26500037CF5E /* watchOS */ = {
			isa = PBXGroup;
			children = (
			);
			path = watchOS;
			sourceTree = "<group>";
		};
		02A14632222C26500037CF5E /* iOS */ = {
			isa = PBXGroup;
			children = (
				02A14633222C26500037CF5E /* Identity */,
			);
			path = iOS;
			sourceTree = "<group>";
		};
		02A14633222C26500037CF5E /* Identity */ = {
			isa = PBXGroup;
			children = (
				02A14634222C26500037CF5E /* Info.plist */,
			);
			path = Identity;
			sourceTree = "<group>";
		};
		02A14635222C26500037CF5E /* macOS */ = {
			isa = PBXGroup;
			children = (
				02A14636222C26500037CF5E /* Identity */,
				02A14638222C26500037CF5E /* Bridges */,
				02A14658222C51140037CF5E /* Scripts */,
			);
			path = macOS;
			sourceTree = "<group>";
		};
		02A14636222C26500037CF5E /* Identity */ = {
			isa = PBXGroup;
			children = (
				02A14637222C26500037CF5E /* Info.plist */,
			);
			path = Identity;
			sourceTree = "<group>";
		};
		02A14638222C26500037CF5E /* Bridges */ = {
			isa = PBXGroup;
			children = (
				02A14639222C26500037CF5E /* Alice-macOSTests-Bridging-Header.h */,
			);
			path = Bridges;
			sourceTree = "<group>";
		};
		02A1463E222C2A600037CF5E /* Linux */ = {
			isa = PBXGroup;
			children = (
				02A1463F222C2A6A0037CF5E /* Common */,
				02A14640222C2A700037CF5E /* Feature */,
			);
			path = Linux;
			sourceTree = "<group>";
		};
		02A1463F222C2A6A0037CF5E /* Common */ = {
			isa = PBXGroup;
			children = (
			);
			path = Common;
			sourceTree = "<group>";
		};
		02A14640222C2A700037CF5E /* Feature */ = {
			isa = PBXGroup;
			children = (
			);
			path = Feature;
			sourceTree = "<group>";
		};
		02A14641222C2A7D0037CF5E /* Linux */ = {
			isa = PBXGroup;
			children = (
				02A14642222C2A850037CF5E /* Common */,
				02A14643222C2A8A0037CF5E /* Feature */,
			);
			path = Linux;
			sourceTree = "<group>";
		};
		02A14642222C2A850037CF5E /* Common */ = {
			isa = PBXGroup;
			children = (
			);
			path = Common;
			sourceTree = "<group>";
		};
		02A14643222C2A8A0037CF5E /* Feature */ = {
			isa = PBXGroup;
			children = (
			);
			path = Feature;
			sourceTree = "<group>";
		};
		02A14645222C50980037CF5E /* Scripts */ = {
			isa = PBXGroup;
			children = (
				02A14646222C50980037CF5E /* Protocols */,
			);
			name = Scripts;
			path = Sources/Alice/macOS/Feature/Scripts;
			sourceTree = SOURCE_ROOT;
		};
		02A14646222C50980037CF5E /* Protocols */ = {
			isa = PBXGroup;
			children = (
				02A14647222C50980037CF5E /* Script.swift */,
				02A1465D222C53290037CF5E /* Scriptable.swift */,
			);
			path = Protocols;
			sourceTree = "<group>";
		};
		02A1464A222C50E80037CF5E /* Scripts */ = {
			isa = PBXGroup;
			children = (
				02A1464B222C50E80037CF5E /* Structs */,
				02A14663222C541D0037CF5E /* Classes */,
				02A1464E222C50E80037CF5E /* Protocols */,
			);
			path = Scripts;
			sourceTree = "<group>";
		};
		02A1464B222C50E80037CF5E /* Structs */ = {
			isa = PBXGroup;
			children = (
				02A1464C222C50E80037CF5E /* TestOneScriptMock.swift */,
				02A1464D222C50E80037CF5E /* TestTwoScriptMock.swift */,
			);
			path = Structs;
			sourceTree = "<group>";
		};
		02A1464E222C50E80037CF5E /* Protocols */ = {
			isa = PBXGroup;
			children = (
				02A1464F222C50E80037CF5E /* ScriptTests.swift */,
				02A14660222C539A0037CF5E /* ScriptableTests.swift */,
			);
			path = Protocols;
			sourceTree = "<group>";
		};
		02A14658222C51140037CF5E /* Scripts */ = {
			isa = PBXGroup;
			children = (
				02A14659222C51140037CF5E /* TestScript.command */,
			);
			path = Scripts;
			sourceTree = "<group>";
		};
		02A14663222C541D0037CF5E /* Classes */ = {
			isa = PBXGroup;
			children = (
				02A14664222C54500037CF5E /* ScriptableOneMock.swift */,
				02A14667222C56120037CF5E /* ScriptableTwoMock.swift */,
			);
			path = Classes;
			sourceTree = "<group>";
		};
		OBJ_10 /* Tests */ = {
			isa = PBXGroup;
			children = (
				OBJ_11 /* AliceTests */,
			);
			name = Tests;
			sourceTree = SOURCE_ROOT;
		};
		OBJ_11 /* AliceTests */ = {
			isa = PBXGroup;
			children = (
				023E5753222B44040085CC85 /* All */,
				023E5754222B440A0085CC85 /* macOS */,
				023E5755222B44130085CC85 /* iOS */,
				023E5756222B44190085CC85 /* tvOS */,
				023E5757222B441F0085CC85 /* watchOS */,
				023E575C222B44AA0085CC85 /* Linux */,
			);
			name = AliceTests;
			path = Tests/AliceTests;
			sourceTree = SOURCE_ROOT;
		};
		OBJ_14 /* Products */ = {
			isa = PBXGroup;
			children = (
				"Alice::Alice::Product" /* Alice.framework */,
				"Alice::AliceTests::Product" /* AliceTests.xctest */,
				023E576E222B46120085CC85 /* Alice.framework */,
				023E5776222B46120085CC85 /* Alice macOSTests.xctest */,
				023E5795222B48AF0085CC85 /* Alice.framework */,
				023E579D222B48AF0085CC85 /* Alice iOSTests.xctest */,
				023E57B1222B4A550085CC85 /* Alice.framework */,
				023E57B9222B4A550085CC85 /* Alice tvOSTests.xctest */,
				023E57DA222B4AD10085CC85 /* Alice.framework */,
			);
			name = Products;
			sourceTree = BUILT_PRODUCTS_DIR;
		};
		OBJ_5 = {
			isa = PBXGroup;
			children = (
				OBJ_6 /* Package.swift */,
				OBJ_7 /* Sources */,
				OBJ_10 /* Tests */,
				023E5785222B46E20085CC85 /* Resources */,
				OBJ_14 /* Products */,
			);
			sourceTree = "<group>";
		};
		OBJ_7 /* Sources */ = {
			isa = PBXGroup;
			children = (
				OBJ_8 /* Alice */,
			);
			name = Sources;
			sourceTree = SOURCE_ROOT;
		};
		OBJ_8 /* Alice */ = {
			isa = PBXGroup;
			children = (
				023E5744222B43260085CC85 /* All */,
				023E5745222B432D0085CC85 /* macOS */,
				023E5746222B43330085CC85 /* iOS */,
				023E5747222B433B0085CC85 /* tvOS */,
				023E5748222B43460085CC85 /* watchOS */,
				023E5759222B44860085CC85 /* Linux */,
			);
			name = Alice;
			path = Sources/Alice;
			sourceTree = SOURCE_ROOT;
		};
/* End PBXGroup section */

/* Begin PBXHeadersBuildPhase section */
		023E5769222B46120085CC85 /* Headers */ = {
			isa = PBXHeadersBuildPhase;
			buildActionMask = 2147483647;
			files = (
			);
			runOnlyForDeploymentPostprocessing = 0;
		};
		023E5790222B48AF0085CC85 /* Headers */ = {
			isa = PBXHeadersBuildPhase;
			buildActionMask = 2147483647;
			files = (
			);
			runOnlyForDeploymentPostprocessing = 0;
		};
		023E57AC222B4A550085CC85 /* Headers */ = {
			isa = PBXHeadersBuildPhase;
			buildActionMask = 2147483647;
			files = (
			);
			runOnlyForDeploymentPostprocessing = 0;
		};
		023E57D5222B4AD10085CC85 /* Headers */ = {
			isa = PBXHeadersBuildPhase;
			buildActionMask = 2147483647;
			files = (
			);
			runOnlyForDeploymentPostprocessing = 0;
		};
/* End PBXHeadersBuildPhase section */

/* Begin PBXNativeTarget section */
		023E576D222B46120085CC85 /* Alice macOS */ = {
			isa = PBXNativeTarget;
			buildConfigurationList = 023E577F222B46120085CC85 /* Build configuration list for PBXNativeTarget "Alice macOS" */;
			buildPhases = (
				023E5769222B46120085CC85 /* Headers */,
				023E576A222B46120085CC85 /* Sources */,
				023E576B222B46120085CC85 /* Frameworks */,
				023E576C222B46120085CC85 /* Resources */,
			);
			buildRules = (
			);
			dependencies = (
			);
			name = "Alice macOS";
			productName = "Alice macOS";
			productReference = 023E576E222B46120085CC85 /* Alice.framework */;
			productType = "com.apple.product-type.framework";
		};
		023E5775222B46120085CC85 /* Alice macOSTests */ = {
			isa = PBXNativeTarget;
			buildConfigurationList = 023E5782222B46120085CC85 /* Build configuration list for PBXNativeTarget "Alice macOSTests" */;
			buildPhases = (
				023E5772222B46120085CC85 /* Sources */,
				023E5773222B46120085CC85 /* Frameworks */,
				023E5774222B46120085CC85 /* Resources */,
			);
			buildRules = (
			);
			dependencies = (
				023E5779222B46120085CC85 /* PBXTargetDependency */,
			);
			name = "Alice macOSTests";
			productName = "Alice macOSTests";
			productReference = 023E5776222B46120085CC85 /* Alice macOSTests.xctest */;
			productType = "com.apple.product-type.bundle.unit-test";
		};
		023E5794222B48AF0085CC85 /* Alice iOS */ = {
			isa = PBXNativeTarget;
			buildConfigurationList = 023E57A6222B48AF0085CC85 /* Build configuration list for PBXNativeTarget "Alice iOS" */;
			buildPhases = (
				023E5790222B48AF0085CC85 /* Headers */,
				023E5791222B48AF0085CC85 /* Sources */,
				023E5792222B48AF0085CC85 /* Frameworks */,
				023E5793222B48AF0085CC85 /* Resources */,
			);
			buildRules = (
			);
			dependencies = (
			);
			name = "Alice iOS";
			productName = "Alice iOS";
			productReference = 023E5795222B48AF0085CC85 /* Alice.framework */;
			productType = "com.apple.product-type.framework";
		};
		023E579C222B48AF0085CC85 /* Alice iOSTests */ = {
			isa = PBXNativeTarget;
			buildConfigurationList = 023E57A9222B48AF0085CC85 /* Build configuration list for PBXNativeTarget "Alice iOSTests" */;
			buildPhases = (
				023E5799222B48AF0085CC85 /* Sources */,
				023E579A222B48AF0085CC85 /* Frameworks */,
				023E579B222B48AF0085CC85 /* Resources */,
			);
			buildRules = (
			);
			dependencies = (
				023E57A0222B48AF0085CC85 /* PBXTargetDependency */,
			);
			name = "Alice iOSTests";
			productName = "Alice iOSTests";
			productReference = 023E579D222B48AF0085CC85 /* Alice iOSTests.xctest */;
			productType = "com.apple.product-type.bundle.unit-test";
		};
		023E57B0222B4A550085CC85 /* Alice tvOS */ = {
			isa = PBXNativeTarget;
			buildConfigurationList = 023E57C2222B4A550085CC85 /* Build configuration list for PBXNativeTarget "Alice tvOS" */;
			buildPhases = (
				023E57AC222B4A550085CC85 /* Headers */,
				023E57AD222B4A550085CC85 /* Sources */,
				023E57AE222B4A550085CC85 /* Frameworks */,
				023E57AF222B4A550085CC85 /* Resources */,
			);
			buildRules = (
			);
			dependencies = (
			);
			name = "Alice tvOS";
			productName = "Alive tvOS";
			productReference = 023E57B1222B4A550085CC85 /* Alice.framework */;
			productType = "com.apple.product-type.framework";
		};
		023E57B8222B4A550085CC85 /* Alice tvOSTests */ = {
			isa = PBXNativeTarget;
			buildConfigurationList = 023E57C5222B4A550085CC85 /* Build configuration list for PBXNativeTarget "Alice tvOSTests" */;
			buildPhases = (
				023E57B5222B4A550085CC85 /* Sources */,
				023E57B6222B4A550085CC85 /* Frameworks */,
				023E57B7222B4A550085CC85 /* Resources */,
			);
			buildRules = (
			);
			dependencies = (
				023E57BC222B4A550085CC85 /* PBXTargetDependency */,
			);
			name = "Alice tvOSTests";
			productName = "Alive tvOSTests";
			productReference = 023E57B9222B4A550085CC85 /* Alice tvOSTests.xctest */;
			productType = "com.apple.product-type.bundle.unit-test";
		};
		023E57D9222B4AD10085CC85 /* Alice watchOS */ = {
			isa = PBXNativeTarget;
			buildConfigurationList = 023E57DF222B4AD10085CC85 /* Build configuration list for PBXNativeTarget "Alice watchOS" */;
			buildPhases = (
				023E57D5222B4AD10085CC85 /* Headers */,
				023E57D6222B4AD10085CC85 /* Sources */,
				023E57D7222B4AD10085CC85 /* Frameworks */,
				023E57D8222B4AD10085CC85 /* Resources */,
			);
			buildRules = (
			);
			dependencies = (
			);
			name = "Alice watchOS";
			productName = "Alice watchOS";
			productReference = 023E57DA222B4AD10085CC85 /* Alice.framework */;
			productType = "com.apple.product-type.framework";
		};
		"Alice::Alice" /* Alice */ = {
			isa = PBXNativeTarget;
			buildConfigurationList = OBJ_18 /* Build configuration list for PBXNativeTarget "Alice" */;
			buildPhases = (
				OBJ_21 /* Sources */,
				OBJ_23 /* Frameworks */,
			);
			buildRules = (
			);
			dependencies = (
			);
			name = Alice;
			productName = Alice;
			productReference = "Alice::Alice::Product" /* Alice.framework */;
			productType = "com.apple.product-type.framework";
		};
		"Alice::AliceTests" /* AliceTests */ = {
			isa = PBXNativeTarget;
			buildConfigurationList = OBJ_36 /* Build configuration list for PBXNativeTarget "AliceTests" */;
			buildPhases = (
				OBJ_39 /* Sources */,
				OBJ_42 /* Frameworks */,
				02A1465B222C51640037CF5E /* Resources */,
			);
			buildRules = (
			);
			dependencies = (
				OBJ_44 /* PBXTargetDependency */,
			);
			name = AliceTests;
			productName = AliceTests;
			productReference = "Alice::AliceTests::Product" /* AliceTests.xctest */;
			productType = "com.apple.product-type.bundle.unit-test";
		};
		"Alice::SwiftPMPackageDescription" /* AlicePackageDescription */ = {
			isa = PBXNativeTarget;
			buildConfigurationList = OBJ_25 /* Build configuration list for PBXNativeTarget "AlicePackageDescription" */;
			buildPhases = (
				OBJ_28 /* Sources */,
			);
			buildRules = (
			);
			dependencies = (
			);
			name = AlicePackageDescription;
			productName = AlicePackageDescription;
			productType = "com.apple.product-type.framework";
		};
/* End PBXNativeTarget section */

/* Begin PBXProject section */
		OBJ_1 /* Project object */ = {
			isa = PBXProject;
			attributes = {
				LastSwiftUpdateCheck = 1010;
				LastUpgradeCheck = 9999;
				TargetAttributes = {
					023E576D222B46120085CC85 = {
						CreatedOnToolsVersion = 10.1;
						LastSwiftMigration = 1010;
						ProvisioningStyle = Automatic;
					};
					023E5775222B46120085CC85 = {
						CreatedOnToolsVersion = 10.1;
						DevelopmentTeam = 7FMNM89WKG;
						LastSwiftMigration = 1010;
						ProvisioningStyle = Automatic;
					};
					023E5794222B48AF0085CC85 = {
						CreatedOnToolsVersion = 10.1;
						ProvisioningStyle = Automatic;
					};
					023E579C222B48AF0085CC85 = {
						CreatedOnToolsVersion = 10.1;
						DevelopmentTeam = 7FMNM89WKG;
						ProvisioningStyle = Automatic;
					};
					023E57B0222B4A550085CC85 = {
						CreatedOnToolsVersion = 10.1;
						ProvisioningStyle = Automatic;
					};
					023E57B8222B4A550085CC85 = {
						CreatedOnToolsVersion = 10.1;
						DevelopmentTeam = 7FMNM89WKG;
						ProvisioningStyle = Automatic;
					};
					023E57D9222B4AD10085CC85 = {
						CreatedOnToolsVersion = 10.1;
						LastSwiftMigration = 1010;
						ProvisioningStyle = Automatic;
					};
					"Alice::Alice" = {
						ProvisioningStyle = Automatic;
					};
					"Alice::AliceTests" = {
						DevelopmentTeam = 7FMNM89WKG;
						ProvisioningStyle = Automatic;
					};
					"Alice::SwiftPMPackageDescription" = {
						ProvisioningStyle = Automatic;
					};
				};
			};
			buildConfigurationList = OBJ_2 /* Build configuration list for PBXProject "Alice" */;
			compatibilityVersion = "Xcode 3.2";
			developmentRegion = English;
			hasScannedForEncodings = 0;
			knownRegions = (
				en,
			);
			mainGroup = OBJ_5;
			productRefGroup = OBJ_14 /* Products */;
			projectDirPath = "";
			projectRoot = "";
			targets = (
				"Alice::Alice" /* Alice */,
				"Alice::AliceTests" /* AliceTests */,
				"Alice::SwiftPMPackageDescription" /* AlicePackageDescription */,
				"Alice::AlicePackageTests::ProductTarget" /* AlicePackageTests */,
				023E576D222B46120085CC85 /* Alice macOS */,
				023E5775222B46120085CC85 /* Alice macOSTests */,
				023E5794222B48AF0085CC85 /* Alice iOS */,
				023E579C222B48AF0085CC85 /* Alice iOSTests */,
				023E57B0222B4A550085CC85 /* Alice tvOS */,
				023E57B8222B4A550085CC85 /* Alice tvOSTests */,
				023E57D9222B4AD10085CC85 /* Alice watchOS */,
			);
		};
/* End PBXProject section */

/* Begin PBXResourcesBuildPhase section */
		023E576C222B46120085CC85 /* Resources */ = {
			isa = PBXResourcesBuildPhase;
			buildActionMask = 2147483647;
			files = (
			);
			runOnlyForDeploymentPostprocessing = 0;
		};
		023E5774222B46120085CC85 /* Resources */ = {
			isa = PBXResourcesBuildPhase;
			buildActionMask = 2147483647;
			files = (
				02A1465A222C51140037CF5E /* TestScript.command in Resources */,
			);
			runOnlyForDeploymentPostprocessing = 0;
		};
		023E5793222B48AF0085CC85 /* Resources */ = {
			isa = PBXResourcesBuildPhase;
			buildActionMask = 2147483647;
			files = (
			);
			runOnlyForDeploymentPostprocessing = 0;
		};
		023E579B222B48AF0085CC85 /* Resources */ = {
			isa = PBXResourcesBuildPhase;
			buildActionMask = 2147483647;
			files = (
			);
			runOnlyForDeploymentPostprocessing = 0;
		};
		023E57AF222B4A550085CC85 /* Resources */ = {
			isa = PBXResourcesBuildPhase;
			buildActionMask = 2147483647;
			files = (
			);
			runOnlyForDeploymentPostprocessing = 0;
		};
		023E57B7222B4A550085CC85 /* Resources */ = {
			isa = PBXResourcesBuildPhase;
			buildActionMask = 2147483647;
			files = (
			);
			runOnlyForDeploymentPostprocessing = 0;
		};
		023E57D8222B4AD10085CC85 /* Resources */ = {
			isa = PBXResourcesBuildPhase;
			buildActionMask = 2147483647;
			files = (
			);
			runOnlyForDeploymentPostprocessing = 0;
		};
		02A1465B222C51640037CF5E /* Resources */ = {
			isa = PBXResourcesBuildPhase;
			buildActionMask = 2147483647;
			files = (
				02A1465C222C516B0037CF5E /* TestScript.command in Resources */,
			);
			runOnlyForDeploymentPostprocessing = 0;
		};
/* End PBXResourcesBuildPhase section */

/* Begin PBXSourcesBuildPhase section */
		023E576A222B46120085CC85 /* Sources */ = {
			isa = PBXSourcesBuildPhase;
			buildActionMask = 2147483647;
			files = (
				02A1465F222C53290037CF5E /* Scriptable.swift in Sources */,
				02A14649222C50990037CF5E /* Script.swift in Sources */,
			);
			runOnlyForDeploymentPostprocessing = 0;
		};
		023E5772222B46120085CC85 /* Sources */ = {
			isa = PBXSourcesBuildPhase;
			buildActionMask = 2147483647;
			files = (
				02A14662222C539A0037CF5E /* ScriptableTests.swift in Sources */,
				02A14651222C50E80037CF5E /* TestOneScriptMock.swift in Sources */,
				02A14653222C50E80037CF5E /* TestTwoScriptMock.swift in Sources */,
				02A14669222C56120037CF5E /* ScriptableTwoMock.swift in Sources */,
				02A14655222C50E80037CF5E /* ScriptTests.swift in Sources */,
				02A14666222C54500037CF5E /* ScriptableOneMock.swift in Sources */,
			);
			runOnlyForDeploymentPostprocessing = 0;
		};
		023E5791222B48AF0085CC85 /* Sources */ = {
			isa = PBXSourcesBuildPhase;
			buildActionMask = 2147483647;
			files = (
			);
			runOnlyForDeploymentPostprocessing = 0;
		};
		023E5799222B48AF0085CC85 /* Sources */ = {
			isa = PBXSourcesBuildPhase;
			buildActionMask = 2147483647;
			files = (
			);
			runOnlyForDeploymentPostprocessing = 0;
		};
		023E57AD222B4A550085CC85 /* Sources */ = {
			isa = PBXSourcesBuildPhase;
			buildActionMask = 2147483647;
			files = (
			);
			runOnlyForDeploymentPostprocessing = 0;
		};
		023E57B5222B4A550085CC85 /* Sources */ = {
			isa = PBXSourcesBuildPhase;
			buildActionMask = 2147483647;
			files = (
			);
			runOnlyForDeploymentPostprocessing = 0;
		};
		023E57D6222B4AD10085CC85 /* Sources */ = {
			isa = PBXSourcesBuildPhase;
			buildActionMask = 2147483647;
			files = (
			);
			runOnlyForDeploymentPostprocessing = 0;
		};
		OBJ_21 /* Sources */ = {
			isa = PBXSourcesBuildPhase;
			buildActionMask = 0;
			files = (
				02A14648222C50980037CF5E /* Script.swift in Sources */,
				OBJ_22 /* Alice.swift in Sources */,
				02A1465E222C53290037CF5E /* Scriptable.swift in Sources */,
			);
			runOnlyForDeploymentPostprocessing = 0;
		};
		OBJ_28 /* Sources */ = {
			isa = PBXSourcesBuildPhase;
			buildActionMask = 0;
			files = (
				OBJ_29 /* Package.swift in Sources */,
			);
			runOnlyForDeploymentPostprocessing = 0;
		};
		OBJ_39 /* Sources */ = {
			isa = PBXSourcesBuildPhase;
			buildActionMask = 0;
			files = (
				02A14661222C539A0037CF5E /* ScriptableTests.swift in Sources */,
				02A14650222C50E80037CF5E /* TestOneScriptMock.swift in Sources */,
				OBJ_40 /* AliceTests.swift in Sources */,
				02A14665222C54500037CF5E /* ScriptableOneMock.swift in Sources */,
				OBJ_41 /* XCTestManifests.swift in Sources */,
				02A14652222C50E80037CF5E /* TestTwoScriptMock.swift in Sources */,
				02A14654222C50E80037CF5E /* ScriptTests.swift in Sources */,
				02A14668222C56120037CF5E /* ScriptableTwoMock.swift in Sources */,
			);
			runOnlyForDeploymentPostprocessing = 0;
		};
/* End PBXSourcesBuildPhase section */

/* Begin PBXTargetDependency section */
		023E5779222B46120085CC85 /* PBXTargetDependency */ = {
			isa = PBXTargetDependency;
			target = 023E576D222B46120085CC85 /* Alice macOS */;
			targetProxy = 023E5778222B46120085CC85 /* PBXContainerItemProxy */;
		};
		023E57A0222B48AF0085CC85 /* PBXTargetDependency */ = {
			isa = PBXTargetDependency;
			target = 023E5794222B48AF0085CC85 /* Alice iOS */;
			targetProxy = 023E579F222B48AF0085CC85 /* PBXContainerItemProxy */;
		};
		023E57BC222B4A550085CC85 /* PBXTargetDependency */ = {
			isa = PBXTargetDependency;
			target = 023E57B0222B4A550085CC85 /* Alice tvOS */;
			targetProxy = 023E57BB222B4A550085CC85 /* PBXContainerItemProxy */;
		};
		OBJ_34 /* PBXTargetDependency */ = {
			isa = PBXTargetDependency;
			target = "Alice::AliceTests" /* AliceTests */;
			targetProxy = 023E5758222B443F0085CC85 /* PBXContainerItemProxy */;
		};
		OBJ_44 /* PBXTargetDependency */ = {
			isa = PBXTargetDependency;
			target = "Alice::Alice" /* Alice */;
			targetProxy = 023E5743222B42470085CC85 /* PBXContainerItemProxy */;
		};
/* End PBXTargetDependency section */

/* Begin XCBuildConfiguration section */
		023E5780222B46120085CC85 /* Debug */ = {
			isa = XCBuildConfiguration;
			buildSettings = {
				ALWAYS_SEARCH_USER_PATHS = NO;
				CLANG_ANALYZER_NONNULL = YES;
				CLANG_ANALYZER_NUMBER_OBJECT_CONVERSION = YES_AGGRESSIVE;
				CLANG_CXX_LANGUAGE_STANDARD = "gnu++14";
				CLANG_CXX_LIBRARY = "libc++";
				CLANG_ENABLE_MODULES = YES;
				CLANG_ENABLE_OBJC_WEAK = YES;
				CLANG_WARN_BLOCK_CAPTURE_AUTORELEASING = YES;
				CLANG_WARN_BOOL_CONVERSION = YES;
				CLANG_WARN_COMMA = YES;
				CLANG_WARN_CONSTANT_CONVERSION = YES;
				CLANG_WARN_DEPRECATED_OBJC_IMPLEMENTATIONS = YES;
				CLANG_WARN_DIRECT_OBJC_ISA_USAGE = YES_ERROR;
				CLANG_WARN_DOCUMENTATION_COMMENTS = YES;
				CLANG_WARN_EMPTY_BODY = YES;
				CLANG_WARN_ENUM_CONVERSION = YES;
				CLANG_WARN_INFINITE_RECURSION = YES;
				CLANG_WARN_INT_CONVERSION = YES;
				CLANG_WARN_NON_LITERAL_NULL_CONVERSION = YES;
				CLANG_WARN_OBJC_IMPLICIT_RETAIN_SELF = YES;
				CLANG_WARN_OBJC_LITERAL_CONVERSION = YES;
				CLANG_WARN_OBJC_ROOT_CLASS = YES_ERROR;
				CLANG_WARN_RANGE_LOOP_ANALYSIS = YES;
				CLANG_WARN_STRICT_PROTOTYPES = YES;
				CLANG_WARN_SUSPICIOUS_MOVE = YES;
				CLANG_WARN_UNGUARDED_AVAILABILITY = YES_AGGRESSIVE;
				CLANG_WARN_UNREACHABLE_CODE = YES;
				CLANG_WARN__DUPLICATE_METHOD_MATCH = YES;
				CODE_SIGN_IDENTITY = "Mac Developer";
				CODE_SIGN_STYLE = Automatic;
				COMBINE_HIDPI_IMAGES = YES;
				CURRENT_PROJECT_VERSION = 1;
				DEFINES_MODULE = YES;
				DEVELOPMENT_TEAM = "";
				DYLIB_COMPATIBILITY_VERSION = 1;
				DYLIB_CURRENT_VERSION = 1;
				DYLIB_INSTALL_NAME_BASE = "@rpath";
				ENABLE_STRICT_OBJC_MSGSEND = YES;
				ENABLE_TESTABILITY = YES;
				FRAMEWORK_VERSION = A;
				GCC_C_LANGUAGE_STANDARD = gnu11;
				GCC_DYNAMIC_NO_PIC = NO;
				GCC_NO_COMMON_BLOCKS = YES;
				GCC_WARN_64_TO_32_BIT_CONVERSION = YES;
				GCC_WARN_ABOUT_RETURN_TYPE = YES_ERROR;
				GCC_WARN_UNDECLARED_SELECTOR = YES;
				GCC_WARN_UNINITIALIZED_AUTOS = YES_AGGRESSIVE;
				GCC_WARN_UNUSED_FUNCTION = YES;
				GCC_WARN_UNUSED_VARIABLE = YES;
				INFOPLIST_FILE = "$(SRCROOT)/Resources/Alice/macOS/Identity/Info.plist";
				INSTALL_PATH = "$(LOCAL_LIBRARY_DIR)/Frameworks";
				LD_RUNPATH_SEARCH_PATHS = "$(inherited) @executable_path/../Frameworks @loader_path/Frameworks";
				MTL_ENABLE_DEBUG_INFO = INCLUDE_SOURCE;
				MTL_FAST_MATH = YES;
				PRODUCT_BUNDLE_IDENTIFIER = com.rockncode.alice.macos;
				PRODUCT_MODULE_NAME = Alice;
				PRODUCT_NAME = Alice;
				PROVISIONING_PROFILE_SPECIFIER = "";
				SKIP_INSTALL = YES;
				SWIFT_ACTIVE_COMPILATION_CONDITIONS = DEBUG;
				SWIFT_OPTIMIZATION_LEVEL = "-Onone";
				SWIFT_VERSION = 4.2;
				VERSIONING_SYSTEM = "apple-generic";
				VERSION_INFO_PREFIX = "";
			};
			name = Debug;
		};
		023E5781222B46120085CC85 /* Release */ = {
			isa = XCBuildConfiguration;
			buildSettings = {
				ALWAYS_SEARCH_USER_PATHS = NO;
				CLANG_ANALYZER_NONNULL = YES;
				CLANG_ANALYZER_NUMBER_OBJECT_CONVERSION = YES_AGGRESSIVE;
				CLANG_CXX_LANGUAGE_STANDARD = "gnu++14";
				CLANG_CXX_LIBRARY = "libc++";
				CLANG_ENABLE_MODULES = YES;
				CLANG_ENABLE_OBJC_WEAK = YES;
				CLANG_WARN_BLOCK_CAPTURE_AUTORELEASING = YES;
				CLANG_WARN_BOOL_CONVERSION = YES;
				CLANG_WARN_COMMA = YES;
				CLANG_WARN_CONSTANT_CONVERSION = YES;
				CLANG_WARN_DEPRECATED_OBJC_IMPLEMENTATIONS = YES;
				CLANG_WARN_DIRECT_OBJC_ISA_USAGE = YES_ERROR;
				CLANG_WARN_DOCUMENTATION_COMMENTS = YES;
				CLANG_WARN_EMPTY_BODY = YES;
				CLANG_WARN_ENUM_CONVERSION = YES;
				CLANG_WARN_INFINITE_RECURSION = YES;
				CLANG_WARN_INT_CONVERSION = YES;
				CLANG_WARN_NON_LITERAL_NULL_CONVERSION = YES;
				CLANG_WARN_OBJC_IMPLICIT_RETAIN_SELF = YES;
				CLANG_WARN_OBJC_LITERAL_CONVERSION = YES;
				CLANG_WARN_OBJC_ROOT_CLASS = YES_ERROR;
				CLANG_WARN_RANGE_LOOP_ANALYSIS = YES;
				CLANG_WARN_STRICT_PROTOTYPES = YES;
				CLANG_WARN_SUSPICIOUS_MOVE = YES;
				CLANG_WARN_UNGUARDED_AVAILABILITY = YES_AGGRESSIVE;
				CLANG_WARN_UNREACHABLE_CODE = YES;
				CLANG_WARN__DUPLICATE_METHOD_MATCH = YES;
				CODE_SIGN_IDENTITY = "Mac Developer";
				CODE_SIGN_STYLE = Automatic;
				COMBINE_HIDPI_IMAGES = YES;
				COPY_PHASE_STRIP = NO;
				CURRENT_PROJECT_VERSION = 1;
				DEFINES_MODULE = YES;
				DEVELOPMENT_TEAM = "";
				DYLIB_COMPATIBILITY_VERSION = 1;
				DYLIB_CURRENT_VERSION = 1;
				DYLIB_INSTALL_NAME_BASE = "@rpath";
				ENABLE_NS_ASSERTIONS = NO;
				ENABLE_STRICT_OBJC_MSGSEND = YES;
				FRAMEWORK_VERSION = A;
				GCC_C_LANGUAGE_STANDARD = gnu11;
				GCC_NO_COMMON_BLOCKS = YES;
				GCC_WARN_64_TO_32_BIT_CONVERSION = YES;
				GCC_WARN_ABOUT_RETURN_TYPE = YES_ERROR;
				GCC_WARN_UNDECLARED_SELECTOR = YES;
				GCC_WARN_UNINITIALIZED_AUTOS = YES_AGGRESSIVE;
				GCC_WARN_UNUSED_FUNCTION = YES;
				GCC_WARN_UNUSED_VARIABLE = YES;
				INFOPLIST_FILE = "$(SRCROOT)/Resources/Alice/macOS/Identity/Info.plist";
				INSTALL_PATH = "$(LOCAL_LIBRARY_DIR)/Frameworks";
				LD_RUNPATH_SEARCH_PATHS = "$(inherited) @executable_path/../Frameworks @loader_path/Frameworks";
				MTL_ENABLE_DEBUG_INFO = NO;
				MTL_FAST_MATH = YES;
				PRODUCT_BUNDLE_IDENTIFIER = com.rockncode.alice.macos;
				PRODUCT_MODULE_NAME = Alice;
				PRODUCT_NAME = Alice;
				PROVISIONING_PROFILE_SPECIFIER = "";
				SKIP_INSTALL = YES;
				SWIFT_VERSION = 4.2;
				VERSIONING_SYSTEM = "apple-generic";
				VERSION_INFO_PREFIX = "";
			};
			name = Release;
		};
		023E5783222B46120085CC85 /* Debug */ = {
			isa = XCBuildConfiguration;
			buildSettings = {
				ALWAYS_EMBED_SWIFT_STANDARD_LIBRARIES = YES;
				ALWAYS_SEARCH_USER_PATHS = NO;
				CLANG_ANALYZER_NONNULL = YES;
				CLANG_ANALYZER_NUMBER_OBJECT_CONVERSION = YES_AGGRESSIVE;
				CLANG_CXX_LANGUAGE_STANDARD = "gnu++14";
				CLANG_CXX_LIBRARY = "libc++";
				CLANG_ENABLE_MODULES = YES;
				CLANG_ENABLE_OBJC_WEAK = YES;
				CLANG_WARN_BLOCK_CAPTURE_AUTORELEASING = YES;
				CLANG_WARN_BOOL_CONVERSION = YES;
				CLANG_WARN_COMMA = YES;
				CLANG_WARN_CONSTANT_CONVERSION = YES;
				CLANG_WARN_DEPRECATED_OBJC_IMPLEMENTATIONS = YES;
				CLANG_WARN_DIRECT_OBJC_ISA_USAGE = YES_ERROR;
				CLANG_WARN_DOCUMENTATION_COMMENTS = YES;
				CLANG_WARN_EMPTY_BODY = YES;
				CLANG_WARN_ENUM_CONVERSION = YES;
				CLANG_WARN_INFINITE_RECURSION = YES;
				CLANG_WARN_INT_CONVERSION = YES;
				CLANG_WARN_NON_LITERAL_NULL_CONVERSION = YES;
				CLANG_WARN_OBJC_IMPLICIT_RETAIN_SELF = YES;
				CLANG_WARN_OBJC_LITERAL_CONVERSION = YES;
				CLANG_WARN_OBJC_ROOT_CLASS = YES_ERROR;
				CLANG_WARN_RANGE_LOOP_ANALYSIS = YES;
				CLANG_WARN_STRICT_PROTOTYPES = YES;
				CLANG_WARN_SUSPICIOUS_MOVE = YES;
				CLANG_WARN_UNGUARDED_AVAILABILITY = YES_AGGRESSIVE;
				CLANG_WARN_UNREACHABLE_CODE = YES;
				CLANG_WARN__DUPLICATE_METHOD_MATCH = YES;
				CODE_SIGN_IDENTITY = "Mac Developer";
				CODE_SIGN_STYLE = Automatic;
				COMBINE_HIDPI_IMAGES = YES;
				DEVELOPMENT_TEAM = 7FMNM89WKG;
				ENABLE_STRICT_OBJC_MSGSEND = YES;
				ENABLE_TESTABILITY = YES;
				GCC_C_LANGUAGE_STANDARD = gnu11;
				GCC_DYNAMIC_NO_PIC = NO;
				GCC_NO_COMMON_BLOCKS = YES;
				GCC_WARN_64_TO_32_BIT_CONVERSION = YES;
				GCC_WARN_ABOUT_RETURN_TYPE = YES_ERROR;
				GCC_WARN_UNDECLARED_SELECTOR = YES;
				GCC_WARN_UNINITIALIZED_AUTOS = YES_AGGRESSIVE;
				GCC_WARN_UNUSED_FUNCTION = YES;
				GCC_WARN_UNUSED_VARIABLE = YES;
				INFOPLIST_FILE = "$(SRCROOT)/Resources/AliceTests/macOS/Identity/Info.plist";
				LD_RUNPATH_SEARCH_PATHS = "$(inherited) @executable_path/../Frameworks @loader_path/../Frameworks";
				MTL_ENABLE_DEBUG_INFO = INCLUDE_SOURCE;
				MTL_FAST_MATH = YES;
				PRODUCT_BUNDLE_IDENTIFIER = com.rockncode.alice.macos.test;
				PRODUCT_NAME = "$(TARGET_NAME)";
				PROVISIONING_PROFILE_SPECIFIER = "";
				SWIFT_ACTIVE_COMPILATION_CONDITIONS = DEBUG;
				SWIFT_OBJC_BRIDGING_HEADER = "$(SRCROOT)/Resources/AliceTests/macOS/Bridges/Alice-macOSTests-Bridging-Header.h";
				SWIFT_OPTIMIZATION_LEVEL = "-Onone";
				SWIFT_VERSION = 4.2;
			};
			name = Debug;
		};
		023E5784222B46120085CC85 /* Release */ = {
			isa = XCBuildConfiguration;
			buildSettings = {
				ALWAYS_EMBED_SWIFT_STANDARD_LIBRARIES = YES;
				ALWAYS_SEARCH_USER_PATHS = NO;
				CLANG_ANALYZER_NONNULL = YES;
				CLANG_ANALYZER_NUMBER_OBJECT_CONVERSION = YES_AGGRESSIVE;
				CLANG_CXX_LANGUAGE_STANDARD = "gnu++14";
				CLANG_CXX_LIBRARY = "libc++";
				CLANG_ENABLE_MODULES = YES;
				CLANG_ENABLE_OBJC_WEAK = YES;
				CLANG_WARN_BLOCK_CAPTURE_AUTORELEASING = YES;
				CLANG_WARN_BOOL_CONVERSION = YES;
				CLANG_WARN_COMMA = YES;
				CLANG_WARN_CONSTANT_CONVERSION = YES;
				CLANG_WARN_DEPRECATED_OBJC_IMPLEMENTATIONS = YES;
				CLANG_WARN_DIRECT_OBJC_ISA_USAGE = YES_ERROR;
				CLANG_WARN_DOCUMENTATION_COMMENTS = YES;
				CLANG_WARN_EMPTY_BODY = YES;
				CLANG_WARN_ENUM_CONVERSION = YES;
				CLANG_WARN_INFINITE_RECURSION = YES;
				CLANG_WARN_INT_CONVERSION = YES;
				CLANG_WARN_NON_LITERAL_NULL_CONVERSION = YES;
				CLANG_WARN_OBJC_IMPLICIT_RETAIN_SELF = YES;
				CLANG_WARN_OBJC_LITERAL_CONVERSION = YES;
				CLANG_WARN_OBJC_ROOT_CLASS = YES_ERROR;
				CLANG_WARN_RANGE_LOOP_ANALYSIS = YES;
				CLANG_WARN_STRICT_PROTOTYPES = YES;
				CLANG_WARN_SUSPICIOUS_MOVE = YES;
				CLANG_WARN_UNGUARDED_AVAILABILITY = YES_AGGRESSIVE;
				CLANG_WARN_UNREACHABLE_CODE = YES;
				CLANG_WARN__DUPLICATE_METHOD_MATCH = YES;
				CODE_SIGN_IDENTITY = "Mac Developer";
				CODE_SIGN_STYLE = Automatic;
				COMBINE_HIDPI_IMAGES = YES;
				COPY_PHASE_STRIP = NO;
				DEVELOPMENT_TEAM = 7FMNM89WKG;
				ENABLE_NS_ASSERTIONS = NO;
				ENABLE_STRICT_OBJC_MSGSEND = YES;
				GCC_C_LANGUAGE_STANDARD = gnu11;
				GCC_NO_COMMON_BLOCKS = YES;
				GCC_WARN_64_TO_32_BIT_CONVERSION = YES;
				GCC_WARN_ABOUT_RETURN_TYPE = YES_ERROR;
				GCC_WARN_UNDECLARED_SELECTOR = YES;
				GCC_WARN_UNINITIALIZED_AUTOS = YES_AGGRESSIVE;
				GCC_WARN_UNUSED_FUNCTION = YES;
				GCC_WARN_UNUSED_VARIABLE = YES;
				INFOPLIST_FILE = "$(SRCROOT)/Resources/AliceTests/macOS/Identity/Info.plist";
				LD_RUNPATH_SEARCH_PATHS = "$(inherited) @executable_path/../Frameworks @loader_path/../Frameworks";
				MTL_ENABLE_DEBUG_INFO = NO;
				MTL_FAST_MATH = YES;
				PRODUCT_BUNDLE_IDENTIFIER = com.rockncode.alice.macos.test;
				PRODUCT_NAME = "$(TARGET_NAME)";
				PROVISIONING_PROFILE_SPECIFIER = "";
				SWIFT_OBJC_BRIDGING_HEADER = "$(SRCROOT)/Resources/AliceTests/macOS/Bridges/Alice-macOSTests-Bridging-Header.h";
				SWIFT_VERSION = 4.2;
			};
			name = Release;
		};
		023E57A7222B48AF0085CC85 /* Debug */ = {
			isa = XCBuildConfiguration;
			buildSettings = {
				ALWAYS_SEARCH_USER_PATHS = NO;
				CLANG_ANALYZER_NONNULL = YES;
				CLANG_ANALYZER_NUMBER_OBJECT_CONVERSION = YES_AGGRESSIVE;
				CLANG_CXX_LANGUAGE_STANDARD = "gnu++14";
				CLANG_CXX_LIBRARY = "libc++";
				CLANG_ENABLE_MODULES = YES;
				CLANG_ENABLE_OBJC_WEAK = YES;
				CLANG_WARN_BLOCK_CAPTURE_AUTORELEASING = YES;
				CLANG_WARN_BOOL_CONVERSION = YES;
				CLANG_WARN_COMMA = YES;
				CLANG_WARN_CONSTANT_CONVERSION = YES;
				CLANG_WARN_DEPRECATED_OBJC_IMPLEMENTATIONS = YES;
				CLANG_WARN_DIRECT_OBJC_ISA_USAGE = YES_ERROR;
				CLANG_WARN_DOCUMENTATION_COMMENTS = YES;
				CLANG_WARN_EMPTY_BODY = YES;
				CLANG_WARN_ENUM_CONVERSION = YES;
				CLANG_WARN_INFINITE_RECURSION = YES;
				CLANG_WARN_INT_CONVERSION = YES;
				CLANG_WARN_NON_LITERAL_NULL_CONVERSION = YES;
				CLANG_WARN_OBJC_IMPLICIT_RETAIN_SELF = YES;
				CLANG_WARN_OBJC_LITERAL_CONVERSION = YES;
				CLANG_WARN_OBJC_ROOT_CLASS = YES_ERROR;
				CLANG_WARN_RANGE_LOOP_ANALYSIS = YES;
				CLANG_WARN_STRICT_PROTOTYPES = YES;
				CLANG_WARN_SUSPICIOUS_MOVE = YES;
				CLANG_WARN_UNGUARDED_AVAILABILITY = YES_AGGRESSIVE;
				CLANG_WARN_UNREACHABLE_CODE = YES;
				CLANG_WARN__DUPLICATE_METHOD_MATCH = YES;
				CODE_SIGN_IDENTITY = "iPhone Developer";
				CODE_SIGN_STYLE = Automatic;
				CURRENT_PROJECT_VERSION = 1;
				DEFINES_MODULE = YES;
				DEVELOPMENT_TEAM = "";
				DYLIB_COMPATIBILITY_VERSION = 1;
				DYLIB_CURRENT_VERSION = 1;
				DYLIB_INSTALL_NAME_BASE = "@rpath";
				ENABLE_STRICT_OBJC_MSGSEND = YES;
				ENABLE_TESTABILITY = YES;
				GCC_C_LANGUAGE_STANDARD = gnu11;
				GCC_DYNAMIC_NO_PIC = NO;
				GCC_NO_COMMON_BLOCKS = YES;
				GCC_WARN_64_TO_32_BIT_CONVERSION = YES;
				GCC_WARN_ABOUT_RETURN_TYPE = YES_ERROR;
				GCC_WARN_UNDECLARED_SELECTOR = YES;
				GCC_WARN_UNINITIALIZED_AUTOS = YES_AGGRESSIVE;
				GCC_WARN_UNUSED_FUNCTION = YES;
				GCC_WARN_UNUSED_VARIABLE = YES;
				INFOPLIST_FILE = "$(SRCROOT)/Resources/Alice/iOS/Identity/Info.plist";
				INSTALL_PATH = "$(LOCAL_LIBRARY_DIR)/Frameworks";
				IPHONEOS_DEPLOYMENT_TARGET = 12.0;
				LD_RUNPATH_SEARCH_PATHS = "$(inherited) @executable_path/Frameworks @loader_path/Frameworks";
				MTL_ENABLE_DEBUG_INFO = INCLUDE_SOURCE;
				MTL_FAST_MATH = YES;
				PRODUCT_BUNDLE_IDENTIFIER = com.rockncode.alice.ios;
				PRODUCT_MODULE_NAME = Alice;
				PRODUCT_NAME = Alice;
				PROVISIONING_PROFILE_SPECIFIER = "";
				SDKROOT = iphoneos;
				SKIP_INSTALL = YES;
				SWIFT_ACTIVE_COMPILATION_CONDITIONS = DEBUG;
				SWIFT_VERSION = 4.2;
				TARGETED_DEVICE_FAMILY = "1,2";
				VERSIONING_SYSTEM = "apple-generic";
				VERSION_INFO_PREFIX = "";
			};
			name = Debug;
		};
		023E57A8222B48AF0085CC85 /* Release */ = {
			isa = XCBuildConfiguration;
			buildSettings = {
				ALWAYS_SEARCH_USER_PATHS = NO;
				CLANG_ANALYZER_NONNULL = YES;
				CLANG_ANALYZER_NUMBER_OBJECT_CONVERSION = YES_AGGRESSIVE;
				CLANG_CXX_LANGUAGE_STANDARD = "gnu++14";
				CLANG_CXX_LIBRARY = "libc++";
				CLANG_ENABLE_MODULES = YES;
				CLANG_ENABLE_OBJC_WEAK = YES;
				CLANG_WARN_BLOCK_CAPTURE_AUTORELEASING = YES;
				CLANG_WARN_BOOL_CONVERSION = YES;
				CLANG_WARN_COMMA = YES;
				CLANG_WARN_CONSTANT_CONVERSION = YES;
				CLANG_WARN_DEPRECATED_OBJC_IMPLEMENTATIONS = YES;
				CLANG_WARN_DIRECT_OBJC_ISA_USAGE = YES_ERROR;
				CLANG_WARN_DOCUMENTATION_COMMENTS = YES;
				CLANG_WARN_EMPTY_BODY = YES;
				CLANG_WARN_ENUM_CONVERSION = YES;
				CLANG_WARN_INFINITE_RECURSION = YES;
				CLANG_WARN_INT_CONVERSION = YES;
				CLANG_WARN_NON_LITERAL_NULL_CONVERSION = YES;
				CLANG_WARN_OBJC_IMPLICIT_RETAIN_SELF = YES;
				CLANG_WARN_OBJC_LITERAL_CONVERSION = YES;
				CLANG_WARN_OBJC_ROOT_CLASS = YES_ERROR;
				CLANG_WARN_RANGE_LOOP_ANALYSIS = YES;
				CLANG_WARN_STRICT_PROTOTYPES = YES;
				CLANG_WARN_SUSPICIOUS_MOVE = YES;
				CLANG_WARN_UNGUARDED_AVAILABILITY = YES_AGGRESSIVE;
				CLANG_WARN_UNREACHABLE_CODE = YES;
				CLANG_WARN__DUPLICATE_METHOD_MATCH = YES;
				CODE_SIGN_IDENTITY = "iPhone Developer";
				CODE_SIGN_STYLE = Automatic;
				COPY_PHASE_STRIP = NO;
				CURRENT_PROJECT_VERSION = 1;
				DEFINES_MODULE = YES;
				DEVELOPMENT_TEAM = "";
				DYLIB_COMPATIBILITY_VERSION = 1;
				DYLIB_CURRENT_VERSION = 1;
				DYLIB_INSTALL_NAME_BASE = "@rpath";
				ENABLE_NS_ASSERTIONS = NO;
				ENABLE_STRICT_OBJC_MSGSEND = YES;
				GCC_C_LANGUAGE_STANDARD = gnu11;
				GCC_NO_COMMON_BLOCKS = YES;
				GCC_WARN_64_TO_32_BIT_CONVERSION = YES;
				GCC_WARN_ABOUT_RETURN_TYPE = YES_ERROR;
				GCC_WARN_UNDECLARED_SELECTOR = YES;
				GCC_WARN_UNINITIALIZED_AUTOS = YES_AGGRESSIVE;
				GCC_WARN_UNUSED_FUNCTION = YES;
				GCC_WARN_UNUSED_VARIABLE = YES;
				INFOPLIST_FILE = "$(SRCROOT)/Resources/Alice/iOS/Identity/Info.plist";
				INSTALL_PATH = "$(LOCAL_LIBRARY_DIR)/Frameworks";
				IPHONEOS_DEPLOYMENT_TARGET = 12.0;
				LD_RUNPATH_SEARCH_PATHS = "$(inherited) @executable_path/Frameworks @loader_path/Frameworks";
				MTL_ENABLE_DEBUG_INFO = NO;
				MTL_FAST_MATH = YES;
				PRODUCT_BUNDLE_IDENTIFIER = com.rockncode.alice.ios;
				PRODUCT_MODULE_NAME = Alice;
				PRODUCT_NAME = Alice;
				PROVISIONING_PROFILE_SPECIFIER = "";
				SDKROOT = iphoneos;
				SKIP_INSTALL = YES;
				SWIFT_VERSION = 4.2;
				TARGETED_DEVICE_FAMILY = "1,2";
				VALIDATE_PRODUCT = YES;
				VERSIONING_SYSTEM = "apple-generic";
				VERSION_INFO_PREFIX = "";
			};
			name = Release;
		};
		023E57AA222B48AF0085CC85 /* Debug */ = {
			isa = XCBuildConfiguration;
			buildSettings = {
				ALWAYS_SEARCH_USER_PATHS = NO;
				CLANG_ANALYZER_NONNULL = YES;
				CLANG_ANALYZER_NUMBER_OBJECT_CONVERSION = YES_AGGRESSIVE;
				CLANG_CXX_LANGUAGE_STANDARD = "gnu++14";
				CLANG_CXX_LIBRARY = "libc++";
				CLANG_ENABLE_MODULES = YES;
				CLANG_ENABLE_OBJC_WEAK = YES;
				CLANG_WARN_BLOCK_CAPTURE_AUTORELEASING = YES;
				CLANG_WARN_BOOL_CONVERSION = YES;
				CLANG_WARN_COMMA = YES;
				CLANG_WARN_CONSTANT_CONVERSION = YES;
				CLANG_WARN_DEPRECATED_OBJC_IMPLEMENTATIONS = YES;
				CLANG_WARN_DIRECT_OBJC_ISA_USAGE = YES_ERROR;
				CLANG_WARN_DOCUMENTATION_COMMENTS = YES;
				CLANG_WARN_EMPTY_BODY = YES;
				CLANG_WARN_ENUM_CONVERSION = YES;
				CLANG_WARN_INFINITE_RECURSION = YES;
				CLANG_WARN_INT_CONVERSION = YES;
				CLANG_WARN_NON_LITERAL_NULL_CONVERSION = YES;
				CLANG_WARN_OBJC_IMPLICIT_RETAIN_SELF = YES;
				CLANG_WARN_OBJC_LITERAL_CONVERSION = YES;
				CLANG_WARN_OBJC_ROOT_CLASS = YES_ERROR;
				CLANG_WARN_RANGE_LOOP_ANALYSIS = YES;
				CLANG_WARN_STRICT_PROTOTYPES = YES;
				CLANG_WARN_SUSPICIOUS_MOVE = YES;
				CLANG_WARN_UNGUARDED_AVAILABILITY = YES_AGGRESSIVE;
				CLANG_WARN_UNREACHABLE_CODE = YES;
				CLANG_WARN__DUPLICATE_METHOD_MATCH = YES;
				CODE_SIGN_IDENTITY = "iPhone Developer";
				CODE_SIGN_STYLE = Automatic;
				DEVELOPMENT_TEAM = 7FMNM89WKG;
				ENABLE_STRICT_OBJC_MSGSEND = YES;
				ENABLE_TESTABILITY = YES;
				GCC_C_LANGUAGE_STANDARD = gnu11;
				GCC_DYNAMIC_NO_PIC = NO;
				GCC_NO_COMMON_BLOCKS = YES;
				GCC_WARN_64_TO_32_BIT_CONVERSION = YES;
				GCC_WARN_ABOUT_RETURN_TYPE = YES_ERROR;
				GCC_WARN_UNDECLARED_SELECTOR = YES;
				GCC_WARN_UNINITIALIZED_AUTOS = YES_AGGRESSIVE;
				GCC_WARN_UNUSED_FUNCTION = YES;
				GCC_WARN_UNUSED_VARIABLE = YES;
				INFOPLIST_FILE = "$(SRCROOT)/Resources/AliceTests/iOS/Integrity/Info.plist";
				IPHONEOS_DEPLOYMENT_TARGET = 12.1;
				LD_RUNPATH_SEARCH_PATHS = "$(inherited) @executable_path/Frameworks @loader_path/Frameworks";
				MTL_ENABLE_DEBUG_INFO = INCLUDE_SOURCE;
				MTL_FAST_MATH = YES;
				PRODUCT_BUNDLE_IDENTIFIER = com.rockncode.alice.ios.test;
				PRODUCT_NAME = "$(TARGET_NAME)";
				PROVISIONING_PROFILE_SPECIFIER = "";
				SDKROOT = iphoneos;
				SWIFT_ACTIVE_COMPILATION_CONDITIONS = DEBUG;
				SWIFT_VERSION = 4.2;
				TARGETED_DEVICE_FAMILY = "1,2";
			};
			name = Debug;
		};
		023E57AB222B48AF0085CC85 /* Release */ = {
			isa = XCBuildConfiguration;
			buildSettings = {
				ALWAYS_SEARCH_USER_PATHS = NO;
				CLANG_ANALYZER_NONNULL = YES;
				CLANG_ANALYZER_NUMBER_OBJECT_CONVERSION = YES_AGGRESSIVE;
				CLANG_CXX_LANGUAGE_STANDARD = "gnu++14";
				CLANG_CXX_LIBRARY = "libc++";
				CLANG_ENABLE_MODULES = YES;
				CLANG_ENABLE_OBJC_WEAK = YES;
				CLANG_WARN_BLOCK_CAPTURE_AUTORELEASING = YES;
				CLANG_WARN_BOOL_CONVERSION = YES;
				CLANG_WARN_COMMA = YES;
				CLANG_WARN_CONSTANT_CONVERSION = YES;
				CLANG_WARN_DEPRECATED_OBJC_IMPLEMENTATIONS = YES;
				CLANG_WARN_DIRECT_OBJC_ISA_USAGE = YES_ERROR;
				CLANG_WARN_DOCUMENTATION_COMMENTS = YES;
				CLANG_WARN_EMPTY_BODY = YES;
				CLANG_WARN_ENUM_CONVERSION = YES;
				CLANG_WARN_INFINITE_RECURSION = YES;
				CLANG_WARN_INT_CONVERSION = YES;
				CLANG_WARN_NON_LITERAL_NULL_CONVERSION = YES;
				CLANG_WARN_OBJC_IMPLICIT_RETAIN_SELF = YES;
				CLANG_WARN_OBJC_LITERAL_CONVERSION = YES;
				CLANG_WARN_OBJC_ROOT_CLASS = YES_ERROR;
				CLANG_WARN_RANGE_LOOP_ANALYSIS = YES;
				CLANG_WARN_STRICT_PROTOTYPES = YES;
				CLANG_WARN_SUSPICIOUS_MOVE = YES;
				CLANG_WARN_UNGUARDED_AVAILABILITY = YES_AGGRESSIVE;
				CLANG_WARN_UNREACHABLE_CODE = YES;
				CLANG_WARN__DUPLICATE_METHOD_MATCH = YES;
				CODE_SIGN_IDENTITY = "iPhone Developer";
				CODE_SIGN_STYLE = Automatic;
				COPY_PHASE_STRIP = NO;
				DEVELOPMENT_TEAM = 7FMNM89WKG;
				ENABLE_NS_ASSERTIONS = NO;
				ENABLE_STRICT_OBJC_MSGSEND = YES;
				GCC_C_LANGUAGE_STANDARD = gnu11;
				GCC_NO_COMMON_BLOCKS = YES;
				GCC_WARN_64_TO_32_BIT_CONVERSION = YES;
				GCC_WARN_ABOUT_RETURN_TYPE = YES_ERROR;
				GCC_WARN_UNDECLARED_SELECTOR = YES;
				GCC_WARN_UNINITIALIZED_AUTOS = YES_AGGRESSIVE;
				GCC_WARN_UNUSED_FUNCTION = YES;
				GCC_WARN_UNUSED_VARIABLE = YES;
				INFOPLIST_FILE = "$(SRCROOT)/Resources/AliceTests/iOS/Integrity/Info.plist";
				IPHONEOS_DEPLOYMENT_TARGET = 12.1;
				LD_RUNPATH_SEARCH_PATHS = "$(inherited) @executable_path/Frameworks @loader_path/Frameworks";
				MTL_ENABLE_DEBUG_INFO = NO;
				MTL_FAST_MATH = YES;
				PRODUCT_BUNDLE_IDENTIFIER = com.rockncode.alice.ios.test;
				PRODUCT_NAME = "$(TARGET_NAME)";
				PROVISIONING_PROFILE_SPECIFIER = "";
				SDKROOT = iphoneos;
				SWIFT_VERSION = 4.2;
				TARGETED_DEVICE_FAMILY = "1,2";
				VALIDATE_PRODUCT = YES;
			};
			name = Release;
		};
		023E57C3222B4A550085CC85 /* Debug */ = {
			isa = XCBuildConfiguration;
			buildSettings = {
				ALWAYS_SEARCH_USER_PATHS = NO;
				CLANG_ANALYZER_NONNULL = YES;
				CLANG_ANALYZER_NUMBER_OBJECT_CONVERSION = YES_AGGRESSIVE;
				CLANG_CXX_LANGUAGE_STANDARD = "gnu++14";
				CLANG_CXX_LIBRARY = "libc++";
				CLANG_ENABLE_MODULES = YES;
				CLANG_ENABLE_OBJC_WEAK = YES;
				CLANG_WARN_BLOCK_CAPTURE_AUTORELEASING = YES;
				CLANG_WARN_BOOL_CONVERSION = YES;
				CLANG_WARN_COMMA = YES;
				CLANG_WARN_CONSTANT_CONVERSION = YES;
				CLANG_WARN_DEPRECATED_OBJC_IMPLEMENTATIONS = YES;
				CLANG_WARN_DIRECT_OBJC_ISA_USAGE = YES_ERROR;
				CLANG_WARN_DOCUMENTATION_COMMENTS = YES;
				CLANG_WARN_EMPTY_BODY = YES;
				CLANG_WARN_ENUM_CONVERSION = YES;
				CLANG_WARN_INFINITE_RECURSION = YES;
				CLANG_WARN_INT_CONVERSION = YES;
				CLANG_WARN_NON_LITERAL_NULL_CONVERSION = YES;
				CLANG_WARN_OBJC_IMPLICIT_RETAIN_SELF = YES;
				CLANG_WARN_OBJC_LITERAL_CONVERSION = YES;
				CLANG_WARN_OBJC_ROOT_CLASS = YES_ERROR;
				CLANG_WARN_RANGE_LOOP_ANALYSIS = YES;
				CLANG_WARN_STRICT_PROTOTYPES = YES;
				CLANG_WARN_SUSPICIOUS_MOVE = YES;
				CLANG_WARN_UNGUARDED_AVAILABILITY = YES_AGGRESSIVE;
				CLANG_WARN_UNREACHABLE_CODE = YES;
				CLANG_WARN__DUPLICATE_METHOD_MATCH = YES;
				CODE_SIGN_IDENTITY = "iPhone Developer";
				CODE_SIGN_STYLE = Automatic;
				CURRENT_PROJECT_VERSION = 1;
				DEFINES_MODULE = YES;
				DEVELOPMENT_TEAM = "";
				DYLIB_COMPATIBILITY_VERSION = 1;
				DYLIB_CURRENT_VERSION = 1;
				DYLIB_INSTALL_NAME_BASE = "@rpath";
				ENABLE_STRICT_OBJC_MSGSEND = YES;
				ENABLE_TESTABILITY = YES;
				GCC_C_LANGUAGE_STANDARD = gnu11;
				GCC_DYNAMIC_NO_PIC = NO;
				GCC_NO_COMMON_BLOCKS = YES;
				GCC_WARN_64_TO_32_BIT_CONVERSION = YES;
				GCC_WARN_ABOUT_RETURN_TYPE = YES_ERROR;
				GCC_WARN_UNDECLARED_SELECTOR = YES;
				GCC_WARN_UNINITIALIZED_AUTOS = YES_AGGRESSIVE;
				GCC_WARN_UNUSED_FUNCTION = YES;
				GCC_WARN_UNUSED_VARIABLE = YES;
				INFOPLIST_FILE = "$(SRCROOT)/Resources/Alice/tvOS/Identity/Info.plist";
				INSTALL_PATH = "$(LOCAL_LIBRARY_DIR)/Frameworks";
				LD_RUNPATH_SEARCH_PATHS = "$(inherited) @executable_path/Frameworks @loader_path/Frameworks";
				MTL_ENABLE_DEBUG_INFO = INCLUDE_SOURCE;
				MTL_FAST_MATH = YES;
				PRODUCT_BUNDLE_IDENTIFIER = com.rockncode.alice.tvos;
				PRODUCT_MODULE_NAME = Alice;
				PRODUCT_NAME = Alice;
				PROVISIONING_PROFILE_SPECIFIER = "";
				SDKROOT = appletvos;
				SKIP_INSTALL = YES;
				SWIFT_ACTIVE_COMPILATION_CONDITIONS = DEBUG;
				SWIFT_VERSION = 4.2;
				TARGETED_DEVICE_FAMILY = 3;
				TVOS_DEPLOYMENT_TARGET = 12.1;
				VERSIONING_SYSTEM = "apple-generic";
				VERSION_INFO_PREFIX = "";
			};
			name = Debug;
		};
		023E57C4222B4A550085CC85 /* Release */ = {
			isa = XCBuildConfiguration;
			buildSettings = {
				ALWAYS_SEARCH_USER_PATHS = NO;
				CLANG_ANALYZER_NONNULL = YES;
				CLANG_ANALYZER_NUMBER_OBJECT_CONVERSION = YES_AGGRESSIVE;
				CLANG_CXX_LANGUAGE_STANDARD = "gnu++14";
				CLANG_CXX_LIBRARY = "libc++";
				CLANG_ENABLE_MODULES = YES;
				CLANG_ENABLE_OBJC_WEAK = YES;
				CLANG_WARN_BLOCK_CAPTURE_AUTORELEASING = YES;
				CLANG_WARN_BOOL_CONVERSION = YES;
				CLANG_WARN_COMMA = YES;
				CLANG_WARN_CONSTANT_CONVERSION = YES;
				CLANG_WARN_DEPRECATED_OBJC_IMPLEMENTATIONS = YES;
				CLANG_WARN_DIRECT_OBJC_ISA_USAGE = YES_ERROR;
				CLANG_WARN_DOCUMENTATION_COMMENTS = YES;
				CLANG_WARN_EMPTY_BODY = YES;
				CLANG_WARN_ENUM_CONVERSION = YES;
				CLANG_WARN_INFINITE_RECURSION = YES;
				CLANG_WARN_INT_CONVERSION = YES;
				CLANG_WARN_NON_LITERAL_NULL_CONVERSION = YES;
				CLANG_WARN_OBJC_IMPLICIT_RETAIN_SELF = YES;
				CLANG_WARN_OBJC_LITERAL_CONVERSION = YES;
				CLANG_WARN_OBJC_ROOT_CLASS = YES_ERROR;
				CLANG_WARN_RANGE_LOOP_ANALYSIS = YES;
				CLANG_WARN_STRICT_PROTOTYPES = YES;
				CLANG_WARN_SUSPICIOUS_MOVE = YES;
				CLANG_WARN_UNGUARDED_AVAILABILITY = YES_AGGRESSIVE;
				CLANG_WARN_UNREACHABLE_CODE = YES;
				CLANG_WARN__DUPLICATE_METHOD_MATCH = YES;
				CODE_SIGN_IDENTITY = "iPhone Developer";
				CODE_SIGN_STYLE = Automatic;
				COPY_PHASE_STRIP = NO;
				CURRENT_PROJECT_VERSION = 1;
				DEFINES_MODULE = YES;
				DEVELOPMENT_TEAM = "";
				DYLIB_COMPATIBILITY_VERSION = 1;
				DYLIB_CURRENT_VERSION = 1;
				DYLIB_INSTALL_NAME_BASE = "@rpath";
				ENABLE_NS_ASSERTIONS = NO;
				ENABLE_STRICT_OBJC_MSGSEND = YES;
				GCC_C_LANGUAGE_STANDARD = gnu11;
				GCC_NO_COMMON_BLOCKS = YES;
				GCC_WARN_64_TO_32_BIT_CONVERSION = YES;
				GCC_WARN_ABOUT_RETURN_TYPE = YES_ERROR;
				GCC_WARN_UNDECLARED_SELECTOR = YES;
				GCC_WARN_UNINITIALIZED_AUTOS = YES_AGGRESSIVE;
				GCC_WARN_UNUSED_FUNCTION = YES;
				GCC_WARN_UNUSED_VARIABLE = YES;
				INFOPLIST_FILE = "$(SRCROOT)/Resources/Alice/tvOS/Identity/Info.plist";
				INSTALL_PATH = "$(LOCAL_LIBRARY_DIR)/Frameworks";
				LD_RUNPATH_SEARCH_PATHS = "$(inherited) @executable_path/Frameworks @loader_path/Frameworks";
				MTL_ENABLE_DEBUG_INFO = NO;
				MTL_FAST_MATH = YES;
				PRODUCT_BUNDLE_IDENTIFIER = com.rockncode.alice.tvos;
				PRODUCT_MODULE_NAME = Alice;
				PRODUCT_NAME = Alice;
				PROVISIONING_PROFILE_SPECIFIER = "";
				SDKROOT = appletvos;
				SKIP_INSTALL = YES;
				SWIFT_VERSION = 4.2;
				TARGETED_DEVICE_FAMILY = 3;
				TVOS_DEPLOYMENT_TARGET = 12.1;
				VALIDATE_PRODUCT = YES;
				VERSIONING_SYSTEM = "apple-generic";
				VERSION_INFO_PREFIX = "";
			};
			name = Release;
		};
		023E57C6222B4A550085CC85 /* Debug */ = {
			isa = XCBuildConfiguration;
			buildSettings = {
				ALWAYS_SEARCH_USER_PATHS = NO;
				CLANG_ANALYZER_NONNULL = YES;
				CLANG_ANALYZER_NUMBER_OBJECT_CONVERSION = YES_AGGRESSIVE;
				CLANG_CXX_LANGUAGE_STANDARD = "gnu++14";
				CLANG_CXX_LIBRARY = "libc++";
				CLANG_ENABLE_MODULES = YES;
				CLANG_ENABLE_OBJC_WEAK = YES;
				CLANG_WARN_BLOCK_CAPTURE_AUTORELEASING = YES;
				CLANG_WARN_BOOL_CONVERSION = YES;
				CLANG_WARN_COMMA = YES;
				CLANG_WARN_CONSTANT_CONVERSION = YES;
				CLANG_WARN_DEPRECATED_OBJC_IMPLEMENTATIONS = YES;
				CLANG_WARN_DIRECT_OBJC_ISA_USAGE = YES_ERROR;
				CLANG_WARN_DOCUMENTATION_COMMENTS = YES;
				CLANG_WARN_EMPTY_BODY = YES;
				CLANG_WARN_ENUM_CONVERSION = YES;
				CLANG_WARN_INFINITE_RECURSION = YES;
				CLANG_WARN_INT_CONVERSION = YES;
				CLANG_WARN_NON_LITERAL_NULL_CONVERSION = YES;
				CLANG_WARN_OBJC_IMPLICIT_RETAIN_SELF = YES;
				CLANG_WARN_OBJC_LITERAL_CONVERSION = YES;
				CLANG_WARN_OBJC_ROOT_CLASS = YES_ERROR;
				CLANG_WARN_RANGE_LOOP_ANALYSIS = YES;
				CLANG_WARN_STRICT_PROTOTYPES = YES;
				CLANG_WARN_SUSPICIOUS_MOVE = YES;
				CLANG_WARN_UNGUARDED_AVAILABILITY = YES_AGGRESSIVE;
				CLANG_WARN_UNREACHABLE_CODE = YES;
				CLANG_WARN__DUPLICATE_METHOD_MATCH = YES;
				CODE_SIGN_IDENTITY = "iPhone Developer";
				CODE_SIGN_STYLE = Automatic;
				DEVELOPMENT_TEAM = 7FMNM89WKG;
				ENABLE_STRICT_OBJC_MSGSEND = YES;
				ENABLE_TESTABILITY = YES;
				GCC_C_LANGUAGE_STANDARD = gnu11;
				GCC_DYNAMIC_NO_PIC = NO;
				GCC_NO_COMMON_BLOCKS = YES;
				GCC_WARN_64_TO_32_BIT_CONVERSION = YES;
				GCC_WARN_ABOUT_RETURN_TYPE = YES_ERROR;
				GCC_WARN_UNDECLARED_SELECTOR = YES;
				GCC_WARN_UNINITIALIZED_AUTOS = YES_AGGRESSIVE;
				GCC_WARN_UNUSED_FUNCTION = YES;
				GCC_WARN_UNUSED_VARIABLE = YES;
				INFOPLIST_FILE = "$(SRCROOT)/Resources/AliceTests/tvOS/Identity/Info.plist";
				LD_RUNPATH_SEARCH_PATHS = "$(inherited) @executable_path/Frameworks @loader_path/Frameworks";
				MTL_ENABLE_DEBUG_INFO = INCLUDE_SOURCE;
				MTL_FAST_MATH = YES;
				PRODUCT_BUNDLE_IDENTIFIER = com.rockncode.alice.tvos.test;
				PRODUCT_NAME = "$(TARGET_NAME)";
				PROVISIONING_PROFILE_SPECIFIER = "";
				SDKROOT = appletvos;
				SWIFT_ACTIVE_COMPILATION_CONDITIONS = DEBUG;
				SWIFT_VERSION = 4.2;
				TARGETED_DEVICE_FAMILY = 3;
				TVOS_DEPLOYMENT_TARGET = 12.1;
			};
			name = Debug;
		};
		023E57C7222B4A550085CC85 /* Release */ = {
			isa = XCBuildConfiguration;
			buildSettings = {
				ALWAYS_SEARCH_USER_PATHS = NO;
				CLANG_ANALYZER_NONNULL = YES;
				CLANG_ANALYZER_NUMBER_OBJECT_CONVERSION = YES_AGGRESSIVE;
				CLANG_CXX_LANGUAGE_STANDARD = "gnu++14";
				CLANG_CXX_LIBRARY = "libc++";
				CLANG_ENABLE_MODULES = YES;
				CLANG_ENABLE_OBJC_WEAK = YES;
				CLANG_WARN_BLOCK_CAPTURE_AUTORELEASING = YES;
				CLANG_WARN_BOOL_CONVERSION = YES;
				CLANG_WARN_COMMA = YES;
				CLANG_WARN_CONSTANT_CONVERSION = YES;
				CLANG_WARN_DEPRECATED_OBJC_IMPLEMENTATIONS = YES;
				CLANG_WARN_DIRECT_OBJC_ISA_USAGE = YES_ERROR;
				CLANG_WARN_DOCUMENTATION_COMMENTS = YES;
				CLANG_WARN_EMPTY_BODY = YES;
				CLANG_WARN_ENUM_CONVERSION = YES;
				CLANG_WARN_INFINITE_RECURSION = YES;
				CLANG_WARN_INT_CONVERSION = YES;
				CLANG_WARN_NON_LITERAL_NULL_CONVERSION = YES;
				CLANG_WARN_OBJC_IMPLICIT_RETAIN_SELF = YES;
				CLANG_WARN_OBJC_LITERAL_CONVERSION = YES;
				CLANG_WARN_OBJC_ROOT_CLASS = YES_ERROR;
				CLANG_WARN_RANGE_LOOP_ANALYSIS = YES;
				CLANG_WARN_STRICT_PROTOTYPES = YES;
				CLANG_WARN_SUSPICIOUS_MOVE = YES;
				CLANG_WARN_UNGUARDED_AVAILABILITY = YES_AGGRESSIVE;
				CLANG_WARN_UNREACHABLE_CODE = YES;
				CLANG_WARN__DUPLICATE_METHOD_MATCH = YES;
				CODE_SIGN_IDENTITY = "iPhone Developer";
				CODE_SIGN_STYLE = Automatic;
				COPY_PHASE_STRIP = NO;
				DEVELOPMENT_TEAM = 7FMNM89WKG;
				ENABLE_NS_ASSERTIONS = NO;
				ENABLE_STRICT_OBJC_MSGSEND = YES;
				GCC_C_LANGUAGE_STANDARD = gnu11;
				GCC_NO_COMMON_BLOCKS = YES;
				GCC_WARN_64_TO_32_BIT_CONVERSION = YES;
				GCC_WARN_ABOUT_RETURN_TYPE = YES_ERROR;
				GCC_WARN_UNDECLARED_SELECTOR = YES;
				GCC_WARN_UNINITIALIZED_AUTOS = YES_AGGRESSIVE;
				GCC_WARN_UNUSED_FUNCTION = YES;
				GCC_WARN_UNUSED_VARIABLE = YES;
				INFOPLIST_FILE = "$(SRCROOT)/Resources/AliceTests/tvOS/Identity/Info.plist";
				LD_RUNPATH_SEARCH_PATHS = "$(inherited) @executable_path/Frameworks @loader_path/Frameworks";
				MTL_ENABLE_DEBUG_INFO = NO;
				MTL_FAST_MATH = YES;
				PRODUCT_BUNDLE_IDENTIFIER = com.rockncode.alice.tvos.test;
				PRODUCT_NAME = "$(TARGET_NAME)";
				PROVISIONING_PROFILE_SPECIFIER = "";
				SDKROOT = appletvos;
				SWIFT_VERSION = 4.2;
				TARGETED_DEVICE_FAMILY = 3;
				TVOS_DEPLOYMENT_TARGET = 12.1;
				VALIDATE_PRODUCT = YES;
			};
			name = Release;
		};
		023E57E0222B4AD10085CC85 /* Debug */ = {
			isa = XCBuildConfiguration;
			buildSettings = {
				ALWAYS_SEARCH_USER_PATHS = NO;
				APPLICATION_EXTENSION_API_ONLY = YES;
				CLANG_ANALYZER_NONNULL = YES;
				CLANG_ANALYZER_NUMBER_OBJECT_CONVERSION = YES_AGGRESSIVE;
				CLANG_CXX_LANGUAGE_STANDARD = "gnu++14";
				CLANG_CXX_LIBRARY = "libc++";
				CLANG_ENABLE_MODULES = YES;
				CLANG_ENABLE_OBJC_WEAK = YES;
				CLANG_WARN_BLOCK_CAPTURE_AUTORELEASING = YES;
				CLANG_WARN_BOOL_CONVERSION = YES;
				CLANG_WARN_COMMA = YES;
				CLANG_WARN_CONSTANT_CONVERSION = YES;
				CLANG_WARN_DEPRECATED_OBJC_IMPLEMENTATIONS = YES;
				CLANG_WARN_DIRECT_OBJC_ISA_USAGE = YES_ERROR;
				CLANG_WARN_DOCUMENTATION_COMMENTS = YES;
				CLANG_WARN_EMPTY_BODY = YES;
				CLANG_WARN_ENUM_CONVERSION = YES;
				CLANG_WARN_INFINITE_RECURSION = YES;
				CLANG_WARN_INT_CONVERSION = YES;
				CLANG_WARN_NON_LITERAL_NULL_CONVERSION = YES;
				CLANG_WARN_OBJC_IMPLICIT_RETAIN_SELF = YES;
				CLANG_WARN_OBJC_LITERAL_CONVERSION = YES;
				CLANG_WARN_OBJC_ROOT_CLASS = YES_ERROR;
				CLANG_WARN_RANGE_LOOP_ANALYSIS = YES;
				CLANG_WARN_STRICT_PROTOTYPES = YES;
				CLANG_WARN_SUSPICIOUS_MOVE = YES;
				CLANG_WARN_UNGUARDED_AVAILABILITY = YES_AGGRESSIVE;
				CLANG_WARN_UNREACHABLE_CODE = YES;
				CLANG_WARN__DUPLICATE_METHOD_MATCH = YES;
				CODE_SIGN_IDENTITY = "iPhone Developer";
				CODE_SIGN_STYLE = Automatic;
				CURRENT_PROJECT_VERSION = 1;
				DEFINES_MODULE = YES;
				DEVELOPMENT_TEAM = "";
				DYLIB_COMPATIBILITY_VERSION = 1;
				DYLIB_CURRENT_VERSION = 1;
				DYLIB_INSTALL_NAME_BASE = "@rpath";
				ENABLE_STRICT_OBJC_MSGSEND = YES;
				ENABLE_TESTABILITY = YES;
				GCC_C_LANGUAGE_STANDARD = gnu11;
				GCC_DYNAMIC_NO_PIC = NO;
				GCC_NO_COMMON_BLOCKS = YES;
				GCC_WARN_64_TO_32_BIT_CONVERSION = YES;
				GCC_WARN_ABOUT_RETURN_TYPE = YES_ERROR;
				GCC_WARN_UNDECLARED_SELECTOR = YES;
				GCC_WARN_UNINITIALIZED_AUTOS = YES_AGGRESSIVE;
				GCC_WARN_UNUSED_FUNCTION = YES;
				GCC_WARN_UNUSED_VARIABLE = YES;
				INFOPLIST_FILE = "$(SRCROOT)/Resources/Alice/watchOS/Identity/Info.plist";
				INSTALL_PATH = "$(LOCAL_LIBRARY_DIR)/Frameworks";
				LD_RUNPATH_SEARCH_PATHS = "$(inherited) @executable_path/Frameworks @loader_path/Frameworks";
				MTL_ENABLE_DEBUG_INFO = INCLUDE_SOURCE;
				MTL_FAST_MATH = YES;
				PRODUCT_BUNDLE_IDENTIFIER = com.rockncode.alice.watchos;
				PRODUCT_MODULE_NAME = Alice;
				PRODUCT_NAME = Alice;
				PROVISIONING_PROFILE_SPECIFIER = "";
				SDKROOT = watchos;
				SKIP_INSTALL = YES;
				SWIFT_ACTIVE_COMPILATION_CONDITIONS = DEBUG;
				SWIFT_OPTIMIZATION_LEVEL = "-Onone";
				SWIFT_VERSION = 4.2;
				TARGETED_DEVICE_FAMILY = 4;
				VERSIONING_SYSTEM = "apple-generic";
				VERSION_INFO_PREFIX = "";
				WATCHOS_DEPLOYMENT_TARGET = 5.1;
			};
			name = Debug;
		};
		023E57E1222B4AD10085CC85 /* Release */ = {
			isa = XCBuildConfiguration;
			buildSettings = {
				ALWAYS_SEARCH_USER_PATHS = NO;
				APPLICATION_EXTENSION_API_ONLY = YES;
				CLANG_ANALYZER_NONNULL = YES;
				CLANG_ANALYZER_NUMBER_OBJECT_CONVERSION = YES_AGGRESSIVE;
				CLANG_CXX_LANGUAGE_STANDARD = "gnu++14";
				CLANG_CXX_LIBRARY = "libc++";
				CLANG_ENABLE_MODULES = YES;
				CLANG_ENABLE_OBJC_WEAK = YES;
				CLANG_WARN_BLOCK_CAPTURE_AUTORELEASING = YES;
				CLANG_WARN_BOOL_CONVERSION = YES;
				CLANG_WARN_COMMA = YES;
				CLANG_WARN_CONSTANT_CONVERSION = YES;
				CLANG_WARN_DEPRECATED_OBJC_IMPLEMENTATIONS = YES;
				CLANG_WARN_DIRECT_OBJC_ISA_USAGE = YES_ERROR;
				CLANG_WARN_DOCUMENTATION_COMMENTS = YES;
				CLANG_WARN_EMPTY_BODY = YES;
				CLANG_WARN_ENUM_CONVERSION = YES;
				CLANG_WARN_INFINITE_RECURSION = YES;
				CLANG_WARN_INT_CONVERSION = YES;
				CLANG_WARN_NON_LITERAL_NULL_CONVERSION = YES;
				CLANG_WARN_OBJC_IMPLICIT_RETAIN_SELF = YES;
				CLANG_WARN_OBJC_LITERAL_CONVERSION = YES;
				CLANG_WARN_OBJC_ROOT_CLASS = YES_ERROR;
				CLANG_WARN_RANGE_LOOP_ANALYSIS = YES;
				CLANG_WARN_STRICT_PROTOTYPES = YES;
				CLANG_WARN_SUSPICIOUS_MOVE = YES;
				CLANG_WARN_UNGUARDED_AVAILABILITY = YES_AGGRESSIVE;
				CLANG_WARN_UNREACHABLE_CODE = YES;
				CLANG_WARN__DUPLICATE_METHOD_MATCH = YES;
				CODE_SIGN_IDENTITY = "iPhone Developer";
				CODE_SIGN_STYLE = Automatic;
				COPY_PHASE_STRIP = NO;
				CURRENT_PROJECT_VERSION = 1;
				DEFINES_MODULE = YES;
				DEVELOPMENT_TEAM = "";
				DYLIB_COMPATIBILITY_VERSION = 1;
				DYLIB_CURRENT_VERSION = 1;
				DYLIB_INSTALL_NAME_BASE = "@rpath";
				ENABLE_NS_ASSERTIONS = NO;
				ENABLE_STRICT_OBJC_MSGSEND = YES;
				GCC_C_LANGUAGE_STANDARD = gnu11;
				GCC_NO_COMMON_BLOCKS = YES;
				GCC_WARN_64_TO_32_BIT_CONVERSION = YES;
				GCC_WARN_ABOUT_RETURN_TYPE = YES_ERROR;
				GCC_WARN_UNDECLARED_SELECTOR = YES;
				GCC_WARN_UNINITIALIZED_AUTOS = YES_AGGRESSIVE;
				GCC_WARN_UNUSED_FUNCTION = YES;
				GCC_WARN_UNUSED_VARIABLE = YES;
				INFOPLIST_FILE = "$(SRCROOT)/Resources/Alice/watchOS/Identity/Info.plist";
				INSTALL_PATH = "$(LOCAL_LIBRARY_DIR)/Frameworks";
				LD_RUNPATH_SEARCH_PATHS = "$(inherited) @executable_path/Frameworks @loader_path/Frameworks";
				MTL_ENABLE_DEBUG_INFO = NO;
				MTL_FAST_MATH = YES;
				PRODUCT_BUNDLE_IDENTIFIER = com.rockncode.alice.watchos;
				PRODUCT_MODULE_NAME = Alice;
				PRODUCT_NAME = Alice;
				PROVISIONING_PROFILE_SPECIFIER = "";
				SDKROOT = watchos;
				SKIP_INSTALL = YES;
				SWIFT_VERSION = 4.2;
				TARGETED_DEVICE_FAMILY = 4;
				VALIDATE_PRODUCT = YES;
				VERSIONING_SYSTEM = "apple-generic";
				VERSION_INFO_PREFIX = "";
				WATCHOS_DEPLOYMENT_TARGET = 5.1;
			};
			name = Release;
		};
		OBJ_19 /* Debug */ = {
			isa = XCBuildConfiguration;
			buildSettings = {
				CODE_SIGN_IDENTITY = "Mac Developer";
				CODE_SIGN_STYLE = Automatic;
				DEVELOPMENT_TEAM = "";
				ENABLE_TESTABILITY = YES;
				FRAMEWORK_SEARCH_PATHS = (
					"$(inherited)",
					"$(PLATFORM_DIR)/Developer/Library/Frameworks",
				);
				HEADER_SEARCH_PATHS = "$(inherited)";
				INFOPLIST_FILE = Alice.xcodeproj/Alice_Info.plist;
				LD_RUNPATH_SEARCH_PATHS = "$(inherited) $(TOOLCHAIN_DIR)/usr/lib/swift/macosx";
				OTHER_CFLAGS = "$(inherited)";
				OTHER_LDFLAGS = "$(inherited)";
				OTHER_SWIFT_FLAGS = "$(inherited)";
				PRODUCT_BUNDLE_IDENTIFIER = Alice;
				PRODUCT_MODULE_NAME = "$(TARGET_NAME:c99extidentifier)";
				PRODUCT_NAME = "$(TARGET_NAME:c99extidentifier)";
				PROVISIONING_PROFILE_SPECIFIER = "";
				SKIP_INSTALL = YES;
				SWIFT_ACTIVE_COMPILATION_CONDITIONS = "$(inherited)";
				SWIFT_VERSION = 4.2;
				TARGET_NAME = Alice;
			};
			name = Debug;
		};
		OBJ_20 /* Release */ = {
			isa = XCBuildConfiguration;
			buildSettings = {
				CODE_SIGN_IDENTITY = "Mac Developer";
				CODE_SIGN_STYLE = Automatic;
				DEVELOPMENT_TEAM = "";
				ENABLE_TESTABILITY = YES;
				FRAMEWORK_SEARCH_PATHS = (
					"$(inherited)",
					"$(PLATFORM_DIR)/Developer/Library/Frameworks",
				);
				HEADER_SEARCH_PATHS = "$(inherited)";
				INFOPLIST_FILE = Alice.xcodeproj/Alice_Info.plist;
				LD_RUNPATH_SEARCH_PATHS = "$(inherited) $(TOOLCHAIN_DIR)/usr/lib/swift/macosx";
				OTHER_CFLAGS = "$(inherited)";
				OTHER_LDFLAGS = "$(inherited)";
				OTHER_SWIFT_FLAGS = "$(inherited)";
				PRODUCT_BUNDLE_IDENTIFIER = Alice;
				PRODUCT_MODULE_NAME = "$(TARGET_NAME:c99extidentifier)";
				PRODUCT_NAME = "$(TARGET_NAME:c99extidentifier)";
				PROVISIONING_PROFILE_SPECIFIER = "";
				SKIP_INSTALL = YES;
				SWIFT_ACTIVE_COMPILATION_CONDITIONS = "$(inherited)";
				SWIFT_VERSION = 4.2;
				TARGET_NAME = Alice;
			};
			name = Release;
		};
		OBJ_26 /* Debug */ = {
			isa = XCBuildConfiguration;
			buildSettings = {
				CODE_SIGN_IDENTITY = "Mac Developer";
				CODE_SIGN_STYLE = Automatic;
				DEVELOPMENT_TEAM = "";
				LD = /usr/bin/true;
				OTHER_SWIFT_FLAGS = "-swift-version 4.2 -I $(TOOLCHAIN_DIR)/usr/lib/swift/pm/4_2 -target x86_64-apple-macosx10.10 -sdk /Applications/Xcode.app/Contents/Developer/Platforms/MacOSX.platform/Developer/SDKs/MacOSX10.14.sdk";
				PROVISIONING_PROFILE_SPECIFIER = "";
				SWIFT_VERSION = 4.2;
			};
			name = Debug;
		};
		OBJ_27 /* Release */ = {
			isa = XCBuildConfiguration;
			buildSettings = {
				CODE_SIGN_IDENTITY = "Mac Developer";
				CODE_SIGN_STYLE = Automatic;
				DEVELOPMENT_TEAM = "";
				LD = /usr/bin/true;
				OTHER_SWIFT_FLAGS = "-swift-version 4.2 -I $(TOOLCHAIN_DIR)/usr/lib/swift/pm/4_2 -target x86_64-apple-macosx10.10 -sdk /Applications/Xcode.app/Contents/Developer/Platforms/MacOSX.platform/Developer/SDKs/MacOSX10.14.sdk";
				PROVISIONING_PROFILE_SPECIFIER = "";
				SWIFT_VERSION = 4.2;
			};
			name = Release;
		};
		OBJ_3 /* Debug */ = {
			isa = XCBuildConfiguration;
			buildSettings = {
				CLANG_ENABLE_OBJC_ARC = YES;
				COMBINE_HIDPI_IMAGES = YES;
				COPY_PHASE_STRIP = NO;
				DEBUG_INFORMATION_FORMAT = dwarf;
				DYLIB_INSTALL_NAME_BASE = "@rpath";
				ENABLE_NS_ASSERTIONS = YES;
				GCC_OPTIMIZATION_LEVEL = 0;
				GCC_PREPROCESSOR_DEFINITIONS = (
					"DEBUG=1",
					"$(inherited)",
				);
				MACOSX_DEPLOYMENT_TARGET = 10.14;
				ONLY_ACTIVE_ARCH = YES;
				OTHER_SWIFT_FLAGS = "-DXcode";
				PRODUCT_NAME = "$(TARGET_NAME)";
				SDKROOT = macosx;
				SUPPORTED_PLATFORMS = "macosx iphoneos iphonesimulator appletvos appletvsimulator watchos watchsimulator";
				SWIFT_ACTIVE_COMPILATION_CONDITIONS = "SWIFT_PACKAGE DEBUG";
				SWIFT_OPTIMIZATION_LEVEL = "-Onone";
				USE_HEADERMAP = NO;
			};
			name = Debug;
		};
		OBJ_32 /* Debug */ = {
			isa = XCBuildConfiguration;
			buildSettings = {
			};
			name = Debug;
		};
		OBJ_33 /* Release */ = {
			isa = XCBuildConfiguration;
			buildSettings = {
			};
			name = Release;
		};
		OBJ_37 /* Debug */ = {
			isa = XCBuildConfiguration;
			buildSettings = {
				CLANG_ENABLE_MODULES = YES;
				CODE_SIGN_IDENTITY = "Mac Developer";
				CODE_SIGN_STYLE = Automatic;
				DEVELOPMENT_TEAM = 7FMNM89WKG;
				EMBEDDED_CONTENT_CONTAINS_SWIFT = YES;
				FRAMEWORK_SEARCH_PATHS = (
					"$(inherited)",
					"$(PLATFORM_DIR)/Developer/Library/Frameworks",
				);
				HEADER_SEARCH_PATHS = "$(inherited)";
				INFOPLIST_FILE = Alice.xcodeproj/AliceTests_Info.plist;
				LD_RUNPATH_SEARCH_PATHS = "$(inherited) @loader_path/../Frameworks @loader_path/Frameworks";
				OTHER_CFLAGS = "$(inherited)";
				OTHER_LDFLAGS = "$(inherited)";
				OTHER_SWIFT_FLAGS = "$(inherited)";
				PROVISIONING_PROFILE_SPECIFIER = "";
				SWIFT_ACTIVE_COMPILATION_CONDITIONS = "$(inherited)";
				SWIFT_VERSION = 4.2;
				TARGET_NAME = AliceTests;
			};
			name = Debug;
		};
		OBJ_38 /* Release */ = {
			isa = XCBuildConfiguration;
			buildSettings = {
				CLANG_ENABLE_MODULES = YES;
				CODE_SIGN_IDENTITY = "Mac Developer";
				CODE_SIGN_STYLE = Automatic;
				DEVELOPMENT_TEAM = 7FMNM89WKG;
				EMBEDDED_CONTENT_CONTAINS_SWIFT = YES;
				FRAMEWORK_SEARCH_PATHS = (
					"$(inherited)",
					"$(PLATFORM_DIR)/Developer/Library/Frameworks",
				);
				HEADER_SEARCH_PATHS = "$(inherited)";
				INFOPLIST_FILE = Alice.xcodeproj/AliceTests_Info.plist;
				LD_RUNPATH_SEARCH_PATHS = "$(inherited) @loader_path/../Frameworks @loader_path/Frameworks";
				OTHER_CFLAGS = "$(inherited)";
				OTHER_LDFLAGS = "$(inherited)";
				OTHER_SWIFT_FLAGS = "$(inherited)";
				PROVISIONING_PROFILE_SPECIFIER = "";
				SWIFT_ACTIVE_COMPILATION_CONDITIONS = "$(inherited)";
				SWIFT_VERSION = 4.2;
				TARGET_NAME = AliceTests;
			};
			name = Release;
		};
		OBJ_4 /* Release */ = {
			isa = XCBuildConfiguration;
			buildSettings = {
				CLANG_ENABLE_OBJC_ARC = YES;
				COMBINE_HIDPI_IMAGES = YES;
				COPY_PHASE_STRIP = YES;
				DEBUG_INFORMATION_FORMAT = "dwarf-with-dsym";
				DYLIB_INSTALL_NAME_BASE = "@rpath";
				GCC_OPTIMIZATION_LEVEL = s;
				MACOSX_DEPLOYMENT_TARGET = 10.14;
				OTHER_SWIFT_FLAGS = "-DXcode";
				PRODUCT_NAME = "$(TARGET_NAME)";
				SDKROOT = macosx;
				SUPPORTED_PLATFORMS = "macosx iphoneos iphonesimulator appletvos appletvsimulator watchos watchsimulator";
				SWIFT_ACTIVE_COMPILATION_CONDITIONS = SWIFT_PACKAGE;
				SWIFT_OPTIMIZATION_LEVEL = "-Owholemodule";
				USE_HEADERMAP = NO;
			};
			name = Release;
		};
/* End XCBuildConfiguration section */

/* Begin XCConfigurationList section */
		023E577F222B46120085CC85 /* Build configuration list for PBXNativeTarget "Alice macOS" */ = {
			isa = XCConfigurationList;
			buildConfigurations = (
				023E5780222B46120085CC85 /* Debug */,
				023E5781222B46120085CC85 /* Release */,
			);
			defaultConfigurationIsVisible = 0;
			defaultConfigurationName = Release;
		};
		023E5782222B46120085CC85 /* Build configuration list for PBXNativeTarget "Alice macOSTests" */ = {
			isa = XCConfigurationList;
			buildConfigurations = (
				023E5783222B46120085CC85 /* Debug */,
				023E5784222B46120085CC85 /* Release */,
			);
			defaultConfigurationIsVisible = 0;
			defaultConfigurationName = Release;
		};
		023E57A6222B48AF0085CC85 /* Build configuration list for PBXNativeTarget "Alice iOS" */ = {
			isa = XCConfigurationList;
			buildConfigurations = (
				023E57A7222B48AF0085CC85 /* Debug */,
				023E57A8222B48AF0085CC85 /* Release */,
			);
			defaultConfigurationIsVisible = 0;
			defaultConfigurationName = Release;
		};
		023E57A9222B48AF0085CC85 /* Build configuration list for PBXNativeTarget "Alice iOSTests" */ = {
			isa = XCConfigurationList;
			buildConfigurations = (
				023E57AA222B48AF0085CC85 /* Debug */,
				023E57AB222B48AF0085CC85 /* Release */,
			);
			defaultConfigurationIsVisible = 0;
			defaultConfigurationName = Release;
		};
		023E57C2222B4A550085CC85 /* Build configuration list for PBXNativeTarget "Alice tvOS" */ = {
			isa = XCConfigurationList;
			buildConfigurations = (
				023E57C3222B4A550085CC85 /* Debug */,
				023E57C4222B4A550085CC85 /* Release */,
			);
			defaultConfigurationIsVisible = 0;
			defaultConfigurationName = Release;
		};
		023E57C5222B4A550085CC85 /* Build configuration list for PBXNativeTarget "Alice tvOSTests" */ = {
			isa = XCConfigurationList;
			buildConfigurations = (
				023E57C6222B4A550085CC85 /* Debug */,
				023E57C7222B4A550085CC85 /* Release */,
			);
			defaultConfigurationIsVisible = 0;
			defaultConfigurationName = Release;
		};
		023E57DF222B4AD10085CC85 /* Build configuration list for PBXNativeTarget "Alice watchOS" */ = {
			isa = XCConfigurationList;
			buildConfigurations = (
				023E57E0222B4AD10085CC85 /* Debug */,
				023E57E1222B4AD10085CC85 /* Release */,
			);
			defaultConfigurationIsVisible = 0;
			defaultConfigurationName = Release;
		};
		OBJ_18 /* Build configuration list for PBXNativeTarget "Alice" */ = {
			isa = XCConfigurationList;
			buildConfigurations = (
				OBJ_19 /* Debug */,
				OBJ_20 /* Release */,
			);
			defaultConfigurationIsVisible = 0;
			defaultConfigurationName = Release;
		};
		OBJ_2 /* Build configuration list for PBXProject "Alice" */ = {
			isa = XCConfigurationList;
			buildConfigurations = (
				OBJ_3 /* Debug */,
				OBJ_4 /* Release */,
			);
			defaultConfigurationIsVisible = 0;
			defaultConfigurationName = Release;
		};
		OBJ_25 /* Build configuration list for PBXNativeTarget "AlicePackageDescription" */ = {
			isa = XCConfigurationList;
			buildConfigurations = (
				OBJ_26 /* Debug */,
				OBJ_27 /* Release */,
			);
			defaultConfigurationIsVisible = 0;
			defaultConfigurationName = Release;
		};
		OBJ_31 /* Build configuration list for PBXAggregateTarget "AlicePackageTests" */ = {
			isa = XCConfigurationList;
			buildConfigurations = (
				OBJ_32 /* Debug */,
				OBJ_33 /* Release */,
			);
			defaultConfigurationIsVisible = 0;
			defaultConfigurationName = Release;
		};
		OBJ_36 /* Build configuration list for PBXNativeTarget "AliceTests" */ = {
			isa = XCConfigurationList;
			buildConfigurations = (
				OBJ_37 /* Debug */,
				OBJ_38 /* Release */,
			);
			defaultConfigurationIsVisible = 0;
			defaultConfigurationName = Release;
		};
/* End XCConfigurationList section */
	};
	rootObject = OBJ_1 /* Project object */;
}
